// !$*UTF8*$!
{
	archiveVersion = 1;
	classes = {
	};
	objectVersion = 77;
	objects = {

/* Begin PBXBuildFile section */
		882119FE2F6296610073396D /* Assets.xcassets in Resources */ = {isa = PBXBuildFile; fileRef = 882119F72F6296610073396D /* Assets.xcassets */; };
		88211A002F6296610073396D /* LaunchScreen.storyboard in Resources */ = {isa = PBXBuildFile; fileRef = 882119FA2F6296610073396D /* LaunchScreen.storyboard */; };
		88211A022F6296610073396D /* Coordinator.swift in Sources */ = {isa = PBXBuildFile; fileRef = 882119F12F6296610073396D /* Coordinator.swift */; };
		88211A032F6296610073396D /* NavigationController.swift in Sources */ = {isa = PBXBuildFile; fileRef = 882119F22F6296610073396D /* NavigationController.swift */; };
		88211A052F6296610073396D /* AppDelegate.swift in Sources */ = {isa = PBXBuildFile; fileRef = 882119F62F6296610073396D /* AppDelegate.swift */; };
		88211A062F6296610073396D /* SceneDelegate.swift in Sources */ = {isa = PBXBuildFile; fileRef = 882119FB2F6296610073396D /* SceneDelegate.swift */; };
		88211A072F6296610073396D /* ViewController.swift in Sources */ = {isa = PBXBuildFile; fileRef = 882119FC2F6296610073396D /* ViewController.swift */; };
		88211A0A2F6296650073396D /* PotteryTests.swift in Sources */ = {isa = PBXBuildFile; fileRef = 88211A082F6296650073396D /* PotteryTests.swift */; };
		88211A0E2F6296670073396D /* PotteryUITests.swift in Sources */ = {isa = PBXBuildFile; fileRef = 88211A0B2F6296670073396D /* PotteryUITests.swift */; };
		88211A0F2F6296670073396D /* PotteryUITestsLaunchTests.swift in Sources */ = {isa = PBXBuildFile; fileRef = 88211A0C2F6296670073396D /* PotteryUITestsLaunchTests.swift */; };
		88211A6F2F6296780073396D /* KeychainConstants.swift in Sources */ = {isa = PBXBuildFile; fileRef = 88211A672F6296780073396D /* KeychainConstants.swift */; };
		88211A702F6296780073396D /* AuthorizationProvidingProtocol.swift in Sources */ = {isa = PBXBuildFile; fileRef = 88211A542F6296780073396D /* AuthorizationProvidingProtocol.swift */; };
		88211A712F6296780073396D /* KeychainTokenStorage.swift in Sources */ = {isa = PBXBuildFile; fileRef = 88211A6A2F6296780073396D /* KeychainTokenStorage.swift */; };
		88211A752F6296780073396D /* HTTPStatusCode.swift in Sources */ = {isa = PBXBuildFile; fileRef = 88211A512F6296780073396D /* HTTPStatusCode.swift */; };
		88211A7D2F6296780073396D /* APIConstants.swift in Sources */ = {isa = PBXBuildFile; fileRef = 88211A4E2F6296780073396D /* APIConstants.swift */; };
		88211A7F2F6296780073396D /* NetworkService.swift in Sources */ = {isa = PBXBuildFile; fileRef = 88211A602F6296780073396D /* NetworkService.swift */; };
		88211A802F6296780073396D /* HTTPMethod.swift in Sources */ = {isa = PBXBuildFile; fileRef = 88211A572F6296780073396D /* HTTPMethod.swift */; };
		88211A812F6296780073396D /* EndPoint.swift in Sources */ = {isa = PBXBuildFile; fileRef = 88211A562F6296780073396D /* EndPoint.swift */; };
		88211A832F6296780073396D /* KeyValueStoreProtocol.swift in Sources */ = {isa = PBXBuildFile; fileRef = 88211A6B2F6296780073396D /* KeyValueStoreProtocol.swift */; };
		88211A8A2F6296780073396D /* HTTPTask.swift in Sources */ = {isa = PBXBuildFile; fileRef = 88211A582F6296780073396D /* HTTPTask.swift */; };
		88211A8D2F6296780073396D /* HTTPClient.swift in Sources */ = {isa = PBXBuildFile; fileRef = 88211A5E2F6296780073396D /* HTTPClient.swift */; };
		88211A8E2F6296780073396D /* NetworkError.swift in Sources */ = {isa = PBXBuildFile; fileRef = 88211A5C2F6296780073396D /* NetworkError.swift */; };
		88211A912F6296780073396D /* KeychainStoreFactory.swift in Sources */ = {isa = PBXBuildFile; fileRef = 88211A692F6296780073396D /* KeychainStoreFactory.swift */; };
		88211A922F6296780073396D /* NetworkLogger.swift in Sources */ = {isa = PBXBuildFile; fileRef = 88211A5F2F6296780073396D /* NetworkLogger.swift */; };
		88211A962F6296780073396D /* AuthorizationRequirement.swift in Sources */ = {isa = PBXBuildFile; fileRef = 88211A552F6296780073396D /* AuthorizationRequirement.swift */; };
		88211A972F6296780073396D /* TokenStorageProtocol.swift in Sources */ = {isa = PBXBuildFile; fileRef = 88211A652F6296780073396D /* TokenStorageProtocol.swift */; };
		88211A982F6296780073396D /* URLRequestBuilder.swift in Sources */ = {isa = PBXBuildFile; fileRef = 88211A5A2F6296780073396D /* URLRequestBuilder.swift */; };
		88211A9B2F6296780073396D /* AuthorizationProvider.swift in Sources */ = {isa = PBXBuildFile; fileRef = 88211A532F6296780073396D /* AuthorizationProvider.swift */; };
		88211A9C2F6296780073396D /* HTTPHeaderValue.swift in Sources */ = {isa = PBXBuildFile; fileRef = 88211A502F6296780073396D /* HTTPHeaderValue.swift */; };
		88211A9E2F6296780073396D /* QueryItem.swift in Sources */ = {isa = PBXBuildFile; fileRef = 88211A592F6296780073396D /* QueryItem.swift */; };
		88211AA52F6296780073396D /* HTTPHeader.swift in Sources */ = {isa = PBXBuildFile; fileRef = 88211A4F2F6296780073396D /* HTTPHeader.swift */; };
		88211AAB2F6296780073396D /* KeychainStore.swift in Sources */ = {isa = PBXBuildFile; fileRef = 88211A682F6296780073396D /* KeychainStore.swift */; };
		88211AAC2F6296780073396D /* NetworkTransport.swift in Sources */ = {isa = PBXBuildFile; fileRef = 88211A622F6296780073396D /* NetworkTransport.swift */; };
		88211AAE2F6296780073396D /* NetworkServiceProtocol.swift in Sources */ = {isa = PBXBuildFile; fileRef = 88211A612F6296780073396D /* NetworkServiceProtocol.swift */; };
		88211AB62F62A4B90073396D /* ScreenState.swift in Sources */ = {isa = PBXBuildFile; fileRef = 88211AB52F62A4B20073396D /* ScreenState.swift */; };
		88211ABA2F62A4EC0073396D /* AuthNetworkProtocol.swift in Sources */ = {isa = PBXBuildFile; fileRef = 88211AB92F62A4E50073396D /* AuthNetworkProtocol.swift */; };
		88211ABC2F62A5270073396D /* UsersNetworkProtocol.swift in Sources */ = {isa = PBXBuildFile; fileRef = 88211ABB2F62A51F0073396D /* UsersNetworkProtocol.swift */; };
		88211AC12F62A57D0073396D /* TokenResponse.swift in Sources */ = {isa = PBXBuildFile; fileRef = 88211AC02F62A5770073396D /* TokenResponse.swift */; };
		88211AC32F62A59D0073396D /* RegisterRequest.swift in Sources */ = {isa = PBXBuildFile; fileRef = 88211AC22F62A5980073396D /* RegisterRequest.swift */; };
		88211AC52F62A5AB0073396D /* LoginRequest.swift in Sources */ = {isa = PBXBuildFile; fileRef = 88211AC42F62A5A60073396D /* LoginRequest.swift */; };
		88211AC72F62A61D0073396D /* ProfileResponse.swift in Sources */ = {isa = PBXBuildFile; fileRef = 88211AC62F62A6170073396D /* ProfileResponse.swift */; };
		88211AC92F62A6670073396D /* Role.swift in Sources */ = {isa = PBXBuildFile; fileRef = 88211AC82F62A6640073396D /* Role.swift */; };
		88211ACB2F62A75F0073396D /* UpdateProfileRequest.swift in Sources */ = {isa = PBXBuildFile; fileRef = 88211ACA2F62A75F0073396D /* UpdateProfileRequest.swift */; };
		88211ACE2F62A8710073396D /* SessionServiceProtocol.swift in Sources */ = {isa = PBXBuildFile; fileRef = 88211ACD2F62A8710073396D /* SessionServiceProtocol.swift */; };
		88211ACF2F62A8710073396D /* SessionService.swift in Sources */ = {isa = PBXBuildFile; fileRef = 88211ACC2F62A8710073396D /* SessionService.swift */; };
		88211AD22F62A89C0073396D /* Notification+userDidLogout.swift in Sources */ = {isa = PBXBuildFile; fileRef = 88211AD12F62A89C0073396D /* Notification+userDidLogout.swift */; };
		88211ADD2F62B00B0073396D /* AuthNetwork.swift in Sources */ = {isa = PBXBuildFile; fileRef = 88211ADC2F62B0030073396D /* AuthNetwork.swift */; };
		88211AE02F62B0E60073396D /* LoginEndpoint.swift in Sources */ = {isa = PBXBuildFile; fileRef = 88211ADF2F62B0E60073396D /* LoginEndpoint.swift */; };
		88211AE32F62B1110073396D /* Alamofire in Frameworks */ = {isa = PBXBuildFile; productRef = 88211AE22F62B1110073396D /* Alamofire */; };
		88211AE52F62B3BF0073396D /* LogoutEndPoint.swift in Sources */ = {isa = PBXBuildFile; fileRef = 88211AE42F62B3BF0073396D /* LogoutEndPoint.swift */; };
		88211AE72F62B3EE0073396D /* RegisterEndpoint.swift in Sources */ = {isa = PBXBuildFile; fileRef = 88211AE62F62B3EE0073396D /* RegisterEndpoint.swift */; };
		88211AE92F62B41E0073396D /* GetProfileEndpoint.swift in Sources */ = {isa = PBXBuildFile; fileRef = 88211AE82F62B41E0073396D /* GetProfileEndpoint.swift */; };
		88211AEB2F62B4AD0073396D /* UpdateProfileEndpoint.swift in Sources */ = {isa = PBXBuildFile; fileRef = 88211AEA2F62B4AD0073396D /* UpdateProfileEndpoint.swift */; };
		88211AED2F62B4F00073396D /* DeleteProfileEndpoint.swift in Sources */ = {isa = PBXBuildFile; fileRef = 88211AEC2F62B4F00073396D /* DeleteProfileEndpoint.swift */; };
		88211AEF2F62B6C30073396D /* UsersNetwork.swift in Sources */ = {isa = PBXBuildFile; fileRef = 88211AEE2F62B6BA0073396D /* UsersNetwork.swift */; };
		88211AF82F62C0A10073396D /* ProfileViewModel.swift in Sources */ = {isa = PBXBuildFile; fileRef = 88211AF72F62C09C0073396D /* ProfileViewModel.swift */; };
		88211AFA2F62C0A70073396D /* ProfileView.swift in Sources */ = {isa = PBXBuildFile; fileRef = 88211AF92F62C0A30073396D /* ProfileView.swift */; };
		88211AFC2F62C0B10073396D /* RegistrationView.swift in Sources */ = {isa = PBXBuildFile; fileRef = 88211AFB2F62C0A90073396D /* RegistrationView.swift */; };
		88211AFE2F62C0C10073396D /* RegistrationViewModel.swift in Sources */ = {isa = PBXBuildFile; fileRef = 88211AFD2F62C0B30073396D /* RegistrationViewModel.swift */; };
		88211B002F62C0CB0073396D /* AuthView.swift in Sources */ = {isa = PBXBuildFile; fileRef = 88211AFF2F62C0C80073396D /* AuthView.swift */; };
		88211B022F62C0D10073396D /* AuthViewModel.swift in Sources */ = {isa = PBXBuildFile; fileRef = 88211B012F62C0CD0073396D /* AuthViewModel.swift */; };
		88211B042F62C5260073396D /* AppCoordinator.swift in Sources */ = {isa = PBXBuildFile; fileRef = 88211B032F62C5260073396D /* AppCoordinator.swift */; };
		88211B072F62C8420073396D /* MockAuthNetwork.swift in Sources */ = {isa = PBXBuildFile; fileRef = 88211B062F62C8420073396D /* MockAuthNetwork.swift */; };
		88211B092F62C8500073396D /* MockUsersNetwork.swift in Sources */ = {isa = PBXBuildFile; fileRef = 88211B082F62C8500073396D /* MockUsersNetwork.swift */; };
		88211B0B2F62C8620073396D /* MockError.swift in Sources */ = {isa = PBXBuildFile; fileRef = 88211B0A2F62C8620073396D /* MockError.swift */; };
		88211B0D2F62C8790073396D /* AuthViewModelTests.swift in Sources */ = {isa = PBXBuildFile; fileRef = 88211B0C2F62C8790073396D /* AuthViewModelTests.swift */; };
		88211B0F2F62C8980073396D /* RegistrationViewModelTests.swift in Sources */ = {isa = PBXBuildFile; fileRef = 88211B0E2F62C8980073396D /* RegistrationViewModelTests.swift */; };
		88211B112F62C8AD0073396D /* ProfileViewModelTests.swift in Sources */ = {isa = PBXBuildFile; fileRef = 88211B102F62C8AD0073396D /* ProfileViewModelTests.swift */; };
		88211B132F62CF280073396D /* DismissKeyboardOnTap.swift in Sources */ = {isa = PBXBuildFile; fileRef = 88211B122F62CF280073396D /* DismissKeyboardOnTap.swift */; };
		88211B162F62D1DD0073396D /* EditProfileViewModel.swift in Sources */ = {isa = PBXBuildFile; fileRef = 88211B152F62D1DD0073396D /* EditProfileViewModel.swift */; };
		88211B182F62D1E40073396D /* EditProfileView.swift in Sources */ = {isa = PBXBuildFile; fileRef = 88211B172F62D1E40073396D /* EditProfileView.swift */; };
		88F98E2E2F643D2F00EDC0D2 /* JoinCourseRequest.swift in Sources */ = {isa = PBXBuildFile; fileRef = 88F98E282F643D2F00EDC0D2 /* JoinCourseRequest.swift */; };
		88F98E352F643D2F00EDC0D2 /* CoursesNetwork.swift in Sources */ = {isa = PBXBuildFile; fileRef = 88F98E212F643D2F00EDC0D2 /* CoursesNetwork.swift */; };
		88F98E382F643D2F00EDC0D2 /* JoinCourseEndpoint.swift in Sources */ = {isa = PBXBuildFile; fileRef = 88F98E162F643D2F00EDC0D2 /* JoinCourseEndpoint.swift */; };
		88F98E3C2F643D2F00EDC0D2 /* CoursesNetworkProtocol.swift in Sources */ = {isa = PBXBuildFile; fileRef = 88F98E1D2F643D2F00EDC0D2 /* CoursesNetworkProtocol.swift */; };
		88F98E3F2F643EC700EDC0D2 /* Course.swift in Sources */ = {isa = PBXBuildFile; fileRef = 88F98E3E2F643EC200EDC0D2 /* Course.swift */; };
		88F98E412F6441BC00EDC0D2 /* CourseShortResponse.swift in Sources */ = {isa = PBXBuildFile; fileRef = 88F98E402F6441A300EDC0D2 /* CourseShortResponse.swift */; };
		88F98E432F64442B00EDC0D2 /* Teacher.swift in Sources */ = {isa = PBXBuildFile; fileRef = 88F98E422F64442600EDC0D2 /* Teacher.swift */; };
		88F98E472F6446C100EDC0D2 /* GetMyCoursesEndpoint.swift in Sources */ = {isa = PBXBuildFile; fileRef = 88F98E462F6446C100EDC0D2 /* GetMyCoursesEndpoint.swift */; };
		88F98E492F64470100EDC0D2 /* GetCourseInfoEndpoint.swift in Sources */ = {isa = PBXBuildFile; fileRef = 88F98E482F64470100EDC0D2 /* GetCourseInfoEndpoint.swift */; };
		88F98E4B2F64477400EDC0D2 /* LeaveCourseEndpoint.swift in Sources */ = {isa = PBXBuildFile; fileRef = 88F98E4A2F64477400EDC0D2 /* LeaveCourseEndpoint.swift */; };
		88F98E4D2F64487700EDC0D2 /* GetCourseTeachersEndpoint.swift in Sources */ = {isa = PBXBuildFile; fileRef = 88F98E4C2F64487700EDC0D2 /* GetCourseTeachersEndpoint.swift */; };
		88F98E5A2F645ACD00EDC0D2 /* MockCourseNetwork.swift in Sources */ = {isa = PBXBuildFile; fileRef = 88F98E592F645ACD00EDC0D2 /* MockCourseNetwork.swift */; };
		88F98E5C2F645AFF00EDC0D2 /* CoursesViewModelTests.swift in Sources */ = {isa = PBXBuildFile; fileRef = 88F98E5B2F645AFF00EDC0D2 /* CoursesViewModelTests.swift */; };
		88F98E5E2F645B0600EDC0D2 /* CourseDetailsViewModelTests.swift in Sources */ = {isa = PBXBuildFile; fileRef = 88F98E5D2F645B0600EDC0D2 /* CourseDetailsViewModelTests.swift */; };
		88F98E7B2F64880200EDC0D2 /* AssignmentsNetworkProtocol.swift in Sources */ = {isa = PBXBuildFile; fileRef = 88F98E702F64880200EDC0D2 /* AssignmentsNetworkProtocol.swift */; };
		88F98E7E2F64880200EDC0D2 /* AssignmentsNetwork.swift in Sources */ = {isa = PBXBuildFile; fileRef = 88F98E722F64880200EDC0D2 /* AssignmentsNetwork.swift */; };
		88F98E802F64880200EDC0D2 /* GetCourseAssignmentsEndpoint.swift in Sources */ = {isa = PBXBuildFile; fileRef = 88F98E6A2F64880200EDC0D2 /* GetCourseAssignmentsEndpoint.swift */; };
		88F98E822F64880200EDC0D2 /* GetAssignmentEndpoint.swift in Sources */ = {isa = PBXBuildFile; fileRef = 88F98E6B2F64880200EDC0D2 /* GetAssignmentEndpoint.swift */; };
		88F98E862F6488E300EDC0D2 /* AssignmentFile.swift in Sources */ = {isa = PBXBuildFile; fileRef = 88F98E852F6488E300EDC0D2 /* AssignmentFile.swift */; };
		88F98E882F6488EB00EDC0D2 /* AssignmentResponse.swift in Sources */ = {isa = PBXBuildFile; fileRef = 88F98E872F6488EB00EDC0D2 /* AssignmentResponse.swift */; };
		88F98E8D2F64909200EDC0D2 /* MockAssignmentsNetwork.swift in Sources */ = {isa = PBXBuildFile; fileRef = 88F98E8C2F64909200EDC0D2 /* MockAssignmentsNetwork.swift */; };
		88F98E962F64932600EDC0D2 /* CourseDetailsModel.swift in Sources */ = {isa = PBXBuildFile; fileRef = 88F98E902F64932600EDC0D2 /* CourseDetailsModel.swift */; };
		88F98E982F64932600EDC0D2 /* CoursesView.swift in Sources */ = {isa = PBXBuildFile; fileRef = 88F98E932F64932600EDC0D2 /* CoursesView.swift */; };
		88F98E992F64932600EDC0D2 /* CourseDetailsView.swift in Sources */ = {isa = PBXBuildFile; fileRef = 88F98E912F64932600EDC0D2 /* CourseDetailsView.swift */; };
		88F98E9A2F64932600EDC0D2 /* CoursesViewModel.swift in Sources */ = {isa = PBXBuildFile; fileRef = 88F98E942F64932600EDC0D2 /* CoursesViewModel.swift */; };
		88F98E9C2F6494A000EDC0D2 /* AssignmentsResponse.swift in Sources */ = {isa = PBXBuildFile; fileRef = 88F98E9B2F6494A000EDC0D2 /* AssignmentsResponse.swift */; };
		88F98E9E2F64969300EDC0D2 /* AssignmentDetailsView.swift in Sources */ = {isa = PBXBuildFile; fileRef = 88F98E9D2F64969300EDC0D2 /* AssignmentDetailsView.swift */; };
		88F98EB02F64A2D000EDC0D2 /* CommentRequest.swift in Sources */ = {isa = PBXBuildFile; fileRef = 88F98EAD2F64A2D000EDC0D2 /* CommentRequest.swift */; };
		88F98EB22F64A2D000EDC0D2 /* CommentsNetwork.swift in Sources */ = {isa = PBXBuildFile; fileRef = 88F98EA72F64A2D000EDC0D2 /* CommentsNetwork.swift */; };
		88F98EB32F64A2D000EDC0D2 /* EditCommentEndpoint.swift in Sources */ = {isa = PBXBuildFile; fileRef = 88F98EA22F64A2D000EDC0D2 /* EditCommentEndpoint.swift */; };
		88F98EB52F64A2D000EDC0D2 /* DeleteCommentEndpoint.swift in Sources */ = {isa = PBXBuildFile; fileRef = 88F98EA12F64A2D000EDC0D2 /* DeleteCommentEndpoint.swift */; };
		88F98EB72F64A2D000EDC0D2 /* CommentsNetworkProtocol.swift in Sources */ = {isa = PBXBuildFile; fileRef = 88F98EA52F64A2D000EDC0D2 /* CommentsNetworkProtocol.swift */; };
		88F98EB82F64A2D000EDC0D2 /* GetCommentsEndpoint.swift in Sources */ = {isa = PBXBuildFile; fileRef = 88F98E9F2F64A2D000EDC0D2 /* GetCommentsEndpoint.swift */; };
		88F98EB92F64A2D000EDC0D2 /* Comment.swift in Sources */ = {isa = PBXBuildFile; fileRef = 88F98EAB2F64A2D000EDC0D2 /* Comment.swift */; };
		88F98EBA2F64A2D000EDC0D2 /* CreateCommentEndpoint.swift in Sources */ = {isa = PBXBuildFile; fileRef = 88F98EA02F64A2D000EDC0D2 /* CreateCommentEndpoint.swift */; };
		88F98EBD2F64A78900EDC0D2 /* MockCommentsNetwork.swift in Sources */ = {isa = PBXBuildFile; fileRef = 88F98EBC2F64A78900EDC0D2 /* MockCommentsNetwork.swift */; };
		88F98EBF2F64A7A600EDC0D2 /* AssignmentDetailsViewModelTests.swift in Sources */ = {isa = PBXBuildFile; fileRef = 88F98EBE2F64A7A600EDC0D2 /* AssignmentDetailsViewModelTests.swift */; };
		88F98EC32F64B2E000EDC0D2 /* GetMyGradesEndpoint.swift in Sources */ = {isa = PBXBuildFile; fileRef = 88F98EC22F64B2E000EDC0D2 /* GetMyGradesEndpoint.swift */; };
		88F98EC52F64B32700EDC0D2 /* Grade.swift in Sources */ = {isa = PBXBuildFile; fileRef = 88F98EC42F64B32300EDC0D2 /* Grade.swift */; };
		88F98EC72F64B8B000EDC0D2 /* AssignmentDetailsViewModel.swift in Sources */ = {isa = PBXBuildFile; fileRef = 88F98EC62F64B8B000EDC0D2 /* AssignmentDetailsViewModel.swift */; };
/* End PBXBuildFile section */

/* Begin PBXContainerItemProxy section */
		882119B82F60AD920073396D /* PBXContainerItemProxy */ = {
			isa = PBXContainerItemProxy;
			containerPortal = 882119992F60AD900073396D /* Project object */;
			proxyType = 1;
			remoteGlobalIDString = 882119A02F60AD900073396D;
			remoteInfo = Pottery;
		};
		882119C22F60AD920073396D /* PBXContainerItemProxy */ = {
			isa = PBXContainerItemProxy;
			containerPortal = 882119992F60AD900073396D /* Project object */;
			proxyType = 1;
			remoteGlobalIDString = 882119A02F60AD900073396D;
			remoteInfo = Pottery;
		};
/* End PBXContainerItemProxy section */

/* Begin PBXFileReference section */
		882119A12F60AD900073396D /* Pottery.app */ = {isa = PBXFileReference; explicitFileType = wrapper.application; includeInIndex = 0; path = Pottery.app; sourceTree = BUILT_PRODUCTS_DIR; };
		882119B72F60AD920073396D /* PotteryTests.xctest */ = {isa = PBXFileReference; explicitFileType = wrapper.cfbundle; includeInIndex = 0; path = PotteryTests.xctest; sourceTree = BUILT_PRODUCTS_DIR; };
		882119C12F60AD920073396D /* PotteryUITests.xctest */ = {isa = PBXFileReference; explicitFileType = wrapper.cfbundle; includeInIndex = 0; path = PotteryUITests.xctest; sourceTree = BUILT_PRODUCTS_DIR; };
		882119F12F6296610073396D /* Coordinator.swift */ = {isa = PBXFileReference; lastKnownFileType = sourcecode.swift; path = Coordinator.swift; sourceTree = "<group>"; };
		882119F22F6296610073396D /* NavigationController.swift */ = {isa = PBXFileReference; lastKnownFileType = sourcecode.swift; path = NavigationController.swift; sourceTree = "<group>"; };
		882119F62F6296610073396D /* AppDelegate.swift */ = {isa = PBXFileReference; lastKnownFileType = sourcecode.swift; path = AppDelegate.swift; sourceTree = "<group>"; };
		882119F72F6296610073396D /* Assets.xcassets */ = {isa = PBXFileReference; lastKnownFileType = folder.assetcatalog; path = Assets.xcassets; sourceTree = "<group>"; };
		882119F82F6296610073396D /* Info.plist */ = {isa = PBXFileReference; lastKnownFileType = text.plist.xml; path = Info.plist; sourceTree = "<group>"; };
		882119F92F6296610073396D /* Base */ = {isa = PBXFileReference; lastKnownFileType = file.storyboard; name = Base; path = Base.lproj/LaunchScreen.storyboard; sourceTree = "<group>"; };
		882119FB2F6296610073396D /* SceneDelegate.swift */ = {isa = PBXFileReference; lastKnownFileType = sourcecode.swift; path = SceneDelegate.swift; sourceTree = "<group>"; };
		882119FC2F6296610073396D /* ViewController.swift */ = {isa = PBXFileReference; lastKnownFileType = sourcecode.swift; path = ViewController.swift; sourceTree = "<group>"; };
		88211A082F6296650073396D /* PotteryTests.swift */ = {isa = PBXFileReference; lastKnownFileType = sourcecode.swift; path = PotteryTests.swift; sourceTree = "<group>"; };
		88211A0B2F6296670073396D /* PotteryUITests.swift */ = {isa = PBXFileReference; lastKnownFileType = sourcecode.swift; path = PotteryUITests.swift; sourceTree = "<group>"; };
		88211A0C2F6296670073396D /* PotteryUITestsLaunchTests.swift */ = {isa = PBXFileReference; lastKnownFileType = sourcecode.swift; path = PotteryUITestsLaunchTests.swift; sourceTree = "<group>"; };
		88211A4E2F6296780073396D /* APIConstants.swift */ = {isa = PBXFileReference; lastKnownFileType = sourcecode.swift; path = APIConstants.swift; sourceTree = "<group>"; };
		88211A4F2F6296780073396D /* HTTPHeader.swift */ = {isa = PBXFileReference; lastKnownFileType = sourcecode.swift; path = HTTPHeader.swift; sourceTree = "<group>"; };
		88211A502F6296780073396D /* HTTPHeaderValue.swift */ = {isa = PBXFileReference; lastKnownFileType = sourcecode.swift; path = HTTPHeaderValue.swift; sourceTree = "<group>"; };
		88211A512F6296780073396D /* HTTPStatusCode.swift */ = {isa = PBXFileReference; lastKnownFileType = sourcecode.swift; path = HTTPStatusCode.swift; sourceTree = "<group>"; };
		88211A532F6296780073396D /* AuthorizationProvider.swift */ = {isa = PBXFileReference; lastKnownFileType = sourcecode.swift; path = AuthorizationProvider.swift; sourceTree = "<group>"; };
		88211A542F6296780073396D /* AuthorizationProvidingProtocol.swift */ = {isa = PBXFileReference; lastKnownFileType = sourcecode.swift; path = AuthorizationProvidingProtocol.swift; sourceTree = "<group>"; };
		88211A552F6296780073396D /* AuthorizationRequirement.swift */ = {isa = PBXFileReference; lastKnownFileType = sourcecode.swift; path = AuthorizationRequirement.swift; sourceTree = "<group>"; };
		88211A562F6296780073396D /* EndPoint.swift */ = {isa = PBXFileReference; lastKnownFileType = sourcecode.swift; path = EndPoint.swift; sourceTree = "<group>"; };
		88211A572F6296780073396D /* HTTPMethod.swift */ = {isa = PBXFileReference; lastKnownFileType = sourcecode.swift; path = HTTPMethod.swift; sourceTree = "<group>"; };
		88211A582F6296780073396D /* HTTPTask.swift */ = {isa = PBXFileReference; lastKnownFileType = sourcecode.swift; path = HTTPTask.swift; sourceTree = "<group>"; };
		88211A592F6296780073396D /* QueryItem.swift */ = {isa = PBXFileReference; lastKnownFileType = sourcecode.swift; path = QueryItem.swift; sourceTree = "<group>"; };
		88211A5A2F6296780073396D /* URLRequestBuilder.swift */ = {isa = PBXFileReference; lastKnownFileType = sourcecode.swift; path = URLRequestBuilder.swift; sourceTree = "<group>"; };
		88211A5C2F6296780073396D /* NetworkError.swift */ = {isa = PBXFileReference; lastKnownFileType = sourcecode.swift; path = NetworkError.swift; sourceTree = "<group>"; };
		88211A5E2F6296780073396D /* HTTPClient.swift */ = {isa = PBXFileReference; lastKnownFileType = sourcecode.swift; path = HTTPClient.swift; sourceTree = "<group>"; };
		88211A5F2F6296780073396D /* NetworkLogger.swift */ = {isa = PBXFileReference; lastKnownFileType = sourcecode.swift; path = NetworkLogger.swift; sourceTree = "<group>"; };
		88211A602F6296780073396D /* NetworkService.swift */ = {isa = PBXFileReference; lastKnownFileType = sourcecode.swift; path = NetworkService.swift; sourceTree = "<group>"; };
		88211A612F6296780073396D /* NetworkServiceProtocol.swift */ = {isa = PBXFileReference; lastKnownFileType = sourcecode.swift; path = NetworkServiceProtocol.swift; sourceTree = "<group>"; };
		88211A622F6296780073396D /* NetworkTransport.swift */ = {isa = PBXFileReference; lastKnownFileType = sourcecode.swift; path = NetworkTransport.swift; sourceTree = "<group>"; };
		88211A652F6296780073396D /* TokenStorageProtocol.swift */ = {isa = PBXFileReference; lastKnownFileType = sourcecode.swift; path = TokenStorageProtocol.swift; sourceTree = "<group>"; };
		88211A672F6296780073396D /* KeychainConstants.swift */ = {isa = PBXFileReference; lastKnownFileType = sourcecode.swift; path = KeychainConstants.swift; sourceTree = "<group>"; };
		88211A682F6296780073396D /* KeychainStore.swift */ = {isa = PBXFileReference; lastKnownFileType = sourcecode.swift; path = KeychainStore.swift; sourceTree = "<group>"; };
		88211A692F6296780073396D /* KeychainStoreFactory.swift */ = {isa = PBXFileReference; lastKnownFileType = sourcecode.swift; path = KeychainStoreFactory.swift; sourceTree = "<group>"; };
		88211A6A2F6296780073396D /* KeychainTokenStorage.swift */ = {isa = PBXFileReference; lastKnownFileType = sourcecode.swift; path = KeychainTokenStorage.swift; sourceTree = "<group>"; };
		88211A6B2F6296780073396D /* KeyValueStoreProtocol.swift */ = {isa = PBXFileReference; lastKnownFileType = sourcecode.swift; path = KeyValueStoreProtocol.swift; sourceTree = "<group>"; };
		88211AB52F62A4B20073396D /* ScreenState.swift */ = {isa = PBXFileReference; lastKnownFileType = sourcecode.swift; path = ScreenState.swift; sourceTree = "<group>"; };
		88211AB92F62A4E50073396D /* AuthNetworkProtocol.swift */ = {isa = PBXFileReference; lastKnownFileType = sourcecode.swift; path = AuthNetworkProtocol.swift; sourceTree = "<group>"; };
		88211ABB2F62A51F0073396D /* UsersNetworkProtocol.swift */ = {isa = PBXFileReference; lastKnownFileType = sourcecode.swift; path = UsersNetworkProtocol.swift; sourceTree = "<group>"; };
		88211AC02F62A5770073396D /* TokenResponse.swift */ = {isa = PBXFileReference; lastKnownFileType = sourcecode.swift; path = TokenResponse.swift; sourceTree = "<group>"; };
		88211AC22F62A5980073396D /* RegisterRequest.swift */ = {isa = PBXFileReference; lastKnownFileType = sourcecode.swift; path = RegisterRequest.swift; sourceTree = "<group>"; };
		88211AC42F62A5A60073396D /* LoginRequest.swift */ = {isa = PBXFileReference; lastKnownFileType = sourcecode.swift; path = LoginRequest.swift; sourceTree = "<group>"; };
		88211AC62F62A6170073396D /* ProfileResponse.swift */ = {isa = PBXFileReference; lastKnownFileType = sourcecode.swift; path = ProfileResponse.swift; sourceTree = "<group>"; };
		88211AC82F62A6640073396D /* Role.swift */ = {isa = PBXFileReference; lastKnownFileType = sourcecode.swift; path = Role.swift; sourceTree = "<group>"; };
		88211ACA2F62A75F0073396D /* UpdateProfileRequest.swift */ = {isa = PBXFileReference; lastKnownFileType = sourcecode.swift; path = UpdateProfileRequest.swift; sourceTree = "<group>"; };
		88211ACC2F62A8710073396D /* SessionService.swift */ = {isa = PBXFileReference; lastKnownFileType = sourcecode.swift; path = SessionService.swift; sourceTree = "<group>"; };
		88211ACD2F62A8710073396D /* SessionServiceProtocol.swift */ = {isa = PBXFileReference; lastKnownFileType = sourcecode.swift; path = SessionServiceProtocol.swift; sourceTree = "<group>"; };
		88211AD12F62A89C0073396D /* Notification+userDidLogout.swift */ = {isa = PBXFileReference; lastKnownFileType = sourcecode.swift; path = "Notification+userDidLogout.swift"; sourceTree = "<group>"; };
		88211ADC2F62B0030073396D /* AuthNetwork.swift */ = {isa = PBXFileReference; lastKnownFileType = sourcecode.swift; path = AuthNetwork.swift; sourceTree = "<group>"; };
		88211ADF2F62B0E60073396D /* LoginEndpoint.swift */ = {isa = PBXFileReference; lastKnownFileType = sourcecode.swift; path = LoginEndpoint.swift; sourceTree = "<group>"; };
		88211AE42F62B3BF0073396D /* LogoutEndPoint.swift */ = {isa = PBXFileReference; lastKnownFileType = sourcecode.swift; path = LogoutEndPoint.swift; sourceTree = "<group>"; };
		88211AE62F62B3EE0073396D /* RegisterEndpoint.swift */ = {isa = PBXFileReference; lastKnownFileType = sourcecode.swift; path = RegisterEndpoint.swift; sourceTree = "<group>"; };
		88211AE82F62B41E0073396D /* GetProfileEndpoint.swift */ = {isa = PBXFileReference; lastKnownFileType = sourcecode.swift; path = GetProfileEndpoint.swift; sourceTree = "<group>"; };
		88211AEA2F62B4AD0073396D /* UpdateProfileEndpoint.swift */ = {isa = PBXFileReference; lastKnownFileType = sourcecode.swift; path = UpdateProfileEndpoint.swift; sourceTree = "<group>"; };
		88211AEC2F62B4F00073396D /* DeleteProfileEndpoint.swift */ = {isa = PBXFileReference; lastKnownFileType = sourcecode.swift; path = DeleteProfileEndpoint.swift; sourceTree = "<group>"; };
		88211AEE2F62B6BA0073396D /* UsersNetwork.swift */ = {isa = PBXFileReference; lastKnownFileType = sourcecode.swift; path = UsersNetwork.swift; sourceTree = "<group>"; };
		88211AF72F62C09C0073396D /* ProfileViewModel.swift */ = {isa = PBXFileReference; lastKnownFileType = sourcecode.swift; path = ProfileViewModel.swift; sourceTree = "<group>"; };
		88211AF92F62C0A30073396D /* ProfileView.swift */ = {isa = PBXFileReference; lastKnownFileType = sourcecode.swift; path = ProfileView.swift; sourceTree = "<group>"; };
		88211AFB2F62C0A90073396D /* RegistrationView.swift */ = {isa = PBXFileReference; lastKnownFileType = sourcecode.swift; path = RegistrationView.swift; sourceTree = "<group>"; };
		88211AFD2F62C0B30073396D /* RegistrationViewModel.swift */ = {isa = PBXFileReference; lastKnownFileType = sourcecode.swift; path = RegistrationViewModel.swift; sourceTree = "<group>"; };
		88211AFF2F62C0C80073396D /* AuthView.swift */ = {isa = PBXFileReference; lastKnownFileType = sourcecode.swift; path = AuthView.swift; sourceTree = "<group>"; };
		88211B012F62C0CD0073396D /* AuthViewModel.swift */ = {isa = PBXFileReference; lastKnownFileType = sourcecode.swift; path = AuthViewModel.swift; sourceTree = "<group>"; };
		88211B032F62C5260073396D /* AppCoordinator.swift */ = {isa = PBXFileReference; lastKnownFileType = sourcecode.swift; path = AppCoordinator.swift; sourceTree = "<group>"; };
		88211B062F62C8420073396D /* MockAuthNetwork.swift */ = {isa = PBXFileReference; lastKnownFileType = sourcecode.swift; path = MockAuthNetwork.swift; sourceTree = "<group>"; };
		88211B082F62C8500073396D /* MockUsersNetwork.swift */ = {isa = PBXFileReference; lastKnownFileType = sourcecode.swift; path = MockUsersNetwork.swift; sourceTree = "<group>"; };
		88211B0A2F62C8620073396D /* MockError.swift */ = {isa = PBXFileReference; lastKnownFileType = sourcecode.swift; path = MockError.swift; sourceTree = "<group>"; };
		88211B0C2F62C8790073396D /* AuthViewModelTests.swift */ = {isa = PBXFileReference; lastKnownFileType = sourcecode.swift; path = AuthViewModelTests.swift; sourceTree = "<group>"; };
		88211B0E2F62C8980073396D /* RegistrationViewModelTests.swift */ = {isa = PBXFileReference; lastKnownFileType = sourcecode.swift; path = RegistrationViewModelTests.swift; sourceTree = "<group>"; };
		88211B102F62C8AD0073396D /* ProfileViewModelTests.swift */ = {isa = PBXFileReference; lastKnownFileType = sourcecode.swift; path = ProfileViewModelTests.swift; sourceTree = "<group>"; };
		88211B122F62CF280073396D /* DismissKeyboardOnTap.swift */ = {isa = PBXFileReference; lastKnownFileType = sourcecode.swift; path = DismissKeyboardOnTap.swift; sourceTree = "<group>"; };
		88211B152F62D1DD0073396D /* EditProfileViewModel.swift */ = {isa = PBXFileReference; lastKnownFileType = sourcecode.swift; path = EditProfileViewModel.swift; sourceTree = "<group>"; };
		88211B172F62D1E40073396D /* EditProfileView.swift */ = {isa = PBXFileReference; lastKnownFileType = sourcecode.swift; path = EditProfileView.swift; sourceTree = "<group>"; };
		88F98E162F643D2F00EDC0D2 /* JoinCourseEndpoint.swift */ = {isa = PBXFileReference; lastKnownFileType = sourcecode.swift; path = JoinCourseEndpoint.swift; sourceTree = "<group>"; };
		88F98E1D2F643D2F00EDC0D2 /* CoursesNetworkProtocol.swift */ = {isa = PBXFileReference; lastKnownFileType = sourcecode.swift; path = CoursesNetworkProtocol.swift; sourceTree = "<group>"; };
		88F98E212F643D2F00EDC0D2 /* CoursesNetwork.swift */ = {isa = PBXFileReference; lastKnownFileType = sourcecode.swift; path = CoursesNetwork.swift; sourceTree = "<group>"; };
		88F98E282F643D2F00EDC0D2 /* JoinCourseRequest.swift */ = {isa = PBXFileReference; lastKnownFileType = sourcecode.swift; path = JoinCourseRequest.swift; sourceTree = "<group>"; };
		88F98E3E2F643EC200EDC0D2 /* Course.swift */ = {isa = PBXFileReference; lastKnownFileType = sourcecode.swift; path = Course.swift; sourceTree = "<group>"; };
		88F98E402F6441A300EDC0D2 /* CourseShortResponse.swift */ = {isa = PBXFileReference; lastKnownFileType = sourcecode.swift; path = CourseShortResponse.swift; sourceTree = "<group>"; };
		88F98E422F64442600EDC0D2 /* Teacher.swift */ = {isa = PBXFileReference; lastKnownFileType = sourcecode.swift; path = Teacher.swift; sourceTree = "<group>"; };
		88F98E462F6446C100EDC0D2 /* GetMyCoursesEndpoint.swift */ = {isa = PBXFileReference; lastKnownFileType = sourcecode.swift; path = GetMyCoursesEndpoint.swift; sourceTree = "<group>"; };
		88F98E482F64470100EDC0D2 /* GetCourseInfoEndpoint.swift */ = {isa = PBXFileReference; lastKnownFileType = sourcecode.swift; path = GetCourseInfoEndpoint.swift; sourceTree = "<group>"; };
		88F98E4A2F64477400EDC0D2 /* LeaveCourseEndpoint.swift */ = {isa = PBXFileReference; lastKnownFileType = sourcecode.swift; path = LeaveCourseEndpoint.swift; sourceTree = "<group>"; };
		88F98E4C2F64487700EDC0D2 /* GetCourseTeachersEndpoint.swift */ = {isa = PBXFileReference; lastKnownFileType = sourcecode.swift; path = GetCourseTeachersEndpoint.swift; sourceTree = "<group>"; };
		88F98E592F645ACD00EDC0D2 /* MockCourseNetwork.swift */ = {isa = PBXFileReference; lastKnownFileType = sourcecode.swift; path = MockCourseNetwork.swift; sourceTree = "<group>"; };
		88F98E5B2F645AFF00EDC0D2 /* CoursesViewModelTests.swift */ = {isa = PBXFileReference; lastKnownFileType = sourcecode.swift; path = CoursesViewModelTests.swift; sourceTree = "<group>"; };
		88F98E5D2F645B0600EDC0D2 /* CourseDetailsViewModelTests.swift */ = {isa = PBXFileReference; lastKnownFileType = sourcecode.swift; path = CourseDetailsViewModelTests.swift; sourceTree = "<group>"; };
		88F98E6A2F64880200EDC0D2 /* GetCourseAssignmentsEndpoint.swift */ = {isa = PBXFileReference; lastKnownFileType = sourcecode.swift; path = GetCourseAssignmentsEndpoint.swift; sourceTree = "<group>"; };
		88F98E6B2F64880200EDC0D2 /* GetAssignmentEndpoint.swift */ = {isa = PBXFileReference; lastKnownFileType = sourcecode.swift; path = GetAssignmentEndpoint.swift; sourceTree = "<group>"; };
		88F98E702F64880200EDC0D2 /* AssignmentsNetworkProtocol.swift */ = {isa = PBXFileReference; lastKnownFileType = sourcecode.swift; path = AssignmentsNetworkProtocol.swift; sourceTree = "<group>"; };
		88F98E722F64880200EDC0D2 /* AssignmentsNetwork.swift */ = {isa = PBXFileReference; lastKnownFileType = sourcecode.swift; path = AssignmentsNetwork.swift; sourceTree = "<group>"; };
		88F98E852F6488E300EDC0D2 /* AssignmentFile.swift */ = {isa = PBXFileReference; lastKnownFileType = sourcecode.swift; path = AssignmentFile.swift; sourceTree = "<group>"; };
		88F98E872F6488EB00EDC0D2 /* AssignmentResponse.swift */ = {isa = PBXFileReference; lastKnownFileType = sourcecode.swift; path = AssignmentResponse.swift; sourceTree = "<group>"; };
		88F98E8C2F64909200EDC0D2 /* MockAssignmentsNetwork.swift */ = {isa = PBXFileReference; lastKnownFileType = sourcecode.swift; path = MockAssignmentsNetwork.swift; sourceTree = "<group>"; };
		88F98E902F64932600EDC0D2 /* CourseDetailsModel.swift */ = {isa = PBXFileReference; lastKnownFileType = sourcecode.swift; path = CourseDetailsModel.swift; sourceTree = "<group>"; };
		88F98E912F64932600EDC0D2 /* CourseDetailsView.swift */ = {isa = PBXFileReference; lastKnownFileType = sourcecode.swift; path = CourseDetailsView.swift; sourceTree = "<group>"; };
		88F98E932F64932600EDC0D2 /* CoursesView.swift */ = {isa = PBXFileReference; lastKnownFileType = sourcecode.swift; path = CoursesView.swift; sourceTree = "<group>"; };
		88F98E942F64932600EDC0D2 /* CoursesViewModel.swift */ = {isa = PBXFileReference; lastKnownFileType = sourcecode.swift; path = CoursesViewModel.swift; sourceTree = "<group>"; };
		88F98E9B2F6494A000EDC0D2 /* AssignmentsResponse.swift */ = {isa = PBXFileReference; lastKnownFileType = sourcecode.swift; path = AssignmentsResponse.swift; sourceTree = "<group>"; };
		88F98E9D2F64969300EDC0D2 /* AssignmentDetailsView.swift */ = {isa = PBXFileReference; lastKnownFileType = sourcecode.swift; path = AssignmentDetailsView.swift; sourceTree = "<group>"; };
		88F98E9F2F64A2D000EDC0D2 /* GetCommentsEndpoint.swift */ = {isa = PBXFileReference; lastKnownFileType = sourcecode.swift; path = GetCommentsEndpoint.swift; sourceTree = "<group>"; };
		88F98EA02F64A2D000EDC0D2 /* CreateCommentEndpoint.swift */ = {isa = PBXFileReference; lastKnownFileType = sourcecode.swift; path = CreateCommentEndpoint.swift; sourceTree = "<group>"; };
		88F98EA12F64A2D000EDC0D2 /* DeleteCommentEndpoint.swift */ = {isa = PBXFileReference; lastKnownFileType = sourcecode.swift; path = DeleteCommentEndpoint.swift; sourceTree = "<group>"; };
		88F98EA22F64A2D000EDC0D2 /* EditCommentEndpoint.swift */ = {isa = PBXFileReference; lastKnownFileType = sourcecode.swift; path = EditCommentEndpoint.swift; sourceTree = "<group>"; };
		88F98EA52F64A2D000EDC0D2 /* CommentsNetworkProtocol.swift */ = {isa = PBXFileReference; lastKnownFileType = sourcecode.swift; path = CommentsNetworkProtocol.swift; sourceTree = "<group>"; };
		88F98EA72F64A2D000EDC0D2 /* CommentsNetwork.swift */ = {isa = PBXFileReference; lastKnownFileType = sourcecode.swift; path = CommentsNetwork.swift; sourceTree = "<group>"; };
		88F98EAB2F64A2D000EDC0D2 /* Comment.swift */ = {isa = PBXFileReference; lastKnownFileType = sourcecode.swift; path = Comment.swift; sourceTree = "<group>"; };
		88F98EAD2F64A2D000EDC0D2 /* CommentRequest.swift */ = {isa = PBXFileReference; lastKnownFileType = sourcecode.swift; path = CommentRequest.swift; sourceTree = "<group>"; };
		88F98EBC2F64A78900EDC0D2 /* MockCommentsNetwork.swift */ = {isa = PBXFileReference; lastKnownFileType = sourcecode.swift; path = MockCommentsNetwork.swift; sourceTree = "<group>"; };
		88F98EBE2F64A7A600EDC0D2 /* AssignmentDetailsViewModelTests.swift */ = {isa = PBXFileReference; lastKnownFileType = sourcecode.swift; path = AssignmentDetailsViewModelTests.swift; sourceTree = "<group>"; };
		88F98EC22F64B2E000EDC0D2 /* GetMyGradesEndpoint.swift */ = {isa = PBXFileReference; lastKnownFileType = sourcecode.swift; path = GetMyGradesEndpoint.swift; sourceTree = "<group>"; };
		88F98EC42F64B32300EDC0D2 /* Grade.swift */ = {isa = PBXFileReference; lastKnownFileType = sourcecode.swift; path = Grade.swift; sourceTree = "<group>"; };
		88F98EC62F64B8B000EDC0D2 /* AssignmentDetailsViewModel.swift */ = {isa = PBXFileReference; lastKnownFileType = sourcecode.swift; path = AssignmentDetailsViewModel.swift; sourceTree = "<group>"; };
/* End PBXFileReference section */

/* Begin PBXFrameworksBuildPhase section */
		8821199E2F60AD900073396D /* Frameworks */ = {
			isa = PBXFrameworksBuildPhase;
			buildActionMask = 2147483647;
			files = (
				88211AE32F62B1110073396D /* Alamofire in Frameworks */,
			);
			runOnlyForDeploymentPostprocessing = 0;
		};
		882119B42F60AD920073396D /* Frameworks */ = {
			isa = PBXFrameworksBuildPhase;
			buildActionMask = 2147483647;
			files = (
			);
			runOnlyForDeploymentPostprocessing = 0;
		};
		882119BE2F60AD920073396D /* Frameworks */ = {
			isa = PBXFrameworksBuildPhase;
			buildActionMask = 2147483647;
			files = (
			);
			runOnlyForDeploymentPostprocessing = 0;
		};
/* End PBXFrameworksBuildPhase section */

/* Begin PBXGroup section */
		882119982F60AD900073396D = {
			isa = PBXGroup;
			children = (
				882119FD2F6296610073396D /* Pottery */,
				88211A092F6296650073396D /* PotteryTests */,
				88211A0D2F6296670073396D /* PotteryUITests */,
				882119A22F60AD900073396D /* Products */,
			);
			sourceTree = "<group>";
		};
		882119A22F60AD900073396D /* Products */ = {
			isa = PBXGroup;
			children = (
				882119A12F60AD900073396D /* Pottery.app */,
				882119B72F60AD920073396D /* PotteryTests.xctest */,
				882119C12F60AD920073396D /* PotteryUITests.xctest */,
			);
			name = Products;
			sourceTree = "<group>";
		};
		882119F42F6296610073396D /* Coordinator */ = {
			isa = PBXGroup;
			children = (
				882119F12F6296610073396D /* Coordinator.swift */,
				882119F22F6296610073396D /* NavigationController.swift */,
			);
			path = Coordinator;
			sourceTree = "<group>";
		};
		882119F52F6296610073396D /* Base */ = {
			isa = PBXGroup;
			children = (
				882119F42F6296610073396D /* Coordinator */,
			);
			path = Base;
			sourceTree = "<group>";
		};
		882119FD2F6296610073396D /* Pottery */ = {
			isa = PBXGroup;
			children = (
				88211AF12F62C0600073396D /* Scenes */,
				88211AD02F62A8950073396D /* Extensions */,
				88211AB42F62A4AB0073396D /* Models */,
				88211AB02F6296970073396D /* Resources */,
				88211AAF2F62967C0073396D /* Application */,
				88211A6E2F6296780073396D /* Services */,
				882119F52F6296610073396D /* Base */,
				882119F82F6296610073396D /* Info.plist */,
				882119FC2F6296610073396D /* ViewController.swift */,
			);
			path = Pottery;
			sourceTree = "<group>";
		};
		88211A092F6296650073396D /* PotteryTests */ = {
			isa = PBXGroup;
			children = (
				88F98EBB2F64A78000EDC0D2 /* Assignment */,
				88F98E582F645ABD00EDC0D2 /* Courses */,
				88211B0A2F62C8620073396D /* MockError.swift */,
				88211B052F62C8350073396D /* Profile */,
				88211AB12F62A3EC0073396D /* Auth */,
				88211A082F6296650073396D /* PotteryTests.swift */,
			);
			path = PotteryTests;
			sourceTree = "<group>";
		};
		88211A0D2F6296670073396D /* PotteryUITests */ = {
			isa = PBXGroup;
			children = (
				88211A0B2F6296670073396D /* PotteryUITests.swift */,
				88211A0C2F6296670073396D /* PotteryUITestsLaunchTests.swift */,
			);
			path = PotteryUITests;
			sourceTree = "<group>";
		};
		88211A4D2F6296780073396D /* Network */ = {
			isa = PBXGroup;
			children = (
				88F98EAF2F64A2D000EDC0D2 /* Comments */,
				88F98E692F6487EB00EDC0D2 /* Assignments */,
				88F98E2C2F643D2F00EDC0D2 /* Course */,
				88211AB82F62A4DE0073396D /* Profile */,
			);
			path = Network;
			sourceTree = "<group>";
		};
		88211A522F6296780073396D /* Constants */ = {
			isa = PBXGroup;
			children = (
				88211A4E2F6296780073396D /* APIConstants.swift */,
				88211A4F2F6296780073396D /* HTTPHeader.swift */,
				88211A502F6296780073396D /* HTTPHeaderValue.swift */,
				88211A512F6296780073396D /* HTTPStatusCode.swift */,
			);
			path = Constants;
			sourceTree = "<group>";
		};
		88211A5B2F6296780073396D /* EndPoint */ = {
			isa = PBXGroup;
			children = (
				88211A532F6296780073396D /* AuthorizationProvider.swift */,
				88211A542F6296780073396D /* AuthorizationProvidingProtocol.swift */,
				88211A552F6296780073396D /* AuthorizationRequirement.swift */,
				88211A562F6296780073396D /* EndPoint.swift */,
				88211A572F6296780073396D /* HTTPMethod.swift */,
				88211A582F6296780073396D /* HTTPTask.swift */,
				88211A592F6296780073396D /* QueryItem.swift */,
				88211A5A2F6296780073396D /* URLRequestBuilder.swift */,
			);
			path = EndPoint;
			sourceTree = "<group>";
		};
		88211A5D2F6296780073396D /* Error */ = {
			isa = PBXGroup;
			children = (
				88211A5C2F6296780073396D /* NetworkError.swift */,
			);
			path = Error;
			sourceTree = "<group>";
		};
		88211A632F6296780073396D /* Network */ = {
			isa = PBXGroup;
			children = (
				88211ACC2F62A8710073396D /* SessionService.swift */,
				88211ACD2F62A8710073396D /* SessionServiceProtocol.swift */,
				88211A5E2F6296780073396D /* HTTPClient.swift */,
				88211A5F2F6296780073396D /* NetworkLogger.swift */,
				88211A602F6296780073396D /* NetworkService.swift */,
				88211A612F6296780073396D /* NetworkServiceProtocol.swift */,
				88211A622F6296780073396D /* NetworkTransport.swift */,
			);
			path = Network;
			sourceTree = "<group>";
		};
		88211A642F6296780073396D /* NetworkCore */ = {
			isa = PBXGroup;
			children = (
				88211A522F6296780073396D /* Constants */,
				88211A5B2F6296780073396D /* EndPoint */,
				88211A5D2F6296780073396D /* Error */,
				88211A632F6296780073396D /* Network */,
			);
			path = NetworkCore;
			sourceTree = "<group>";
		};
		88211A662F6296780073396D /* Auth */ = {
			isa = PBXGroup;
			children = (
				88211A652F6296780073396D /* TokenStorageProtocol.swift */,
			);
			path = Auth;
			sourceTree = "<group>";
		};
		88211A6C2F6296780073396D /* Keychain */ = {
			isa = PBXGroup;
			children = (
				88211A672F6296780073396D /* KeychainConstants.swift */,
				88211A682F6296780073396D /* KeychainStore.swift */,
				88211A692F6296780073396D /* KeychainStoreFactory.swift */,
				88211A6A2F6296780073396D /* KeychainTokenStorage.swift */,
				88211A6B2F6296780073396D /* KeyValueStoreProtocol.swift */,
			);
			path = Keychain;
			sourceTree = "<group>";
		};
		88211A6D2F6296780073396D /* Storage */ = {
			isa = PBXGroup;
			children = (
				88211A662F6296780073396D /* Auth */,
				88211A6C2F6296780073396D /* Keychain */,
			);
			path = Storage;
			sourceTree = "<group>";
		};
		88211A6E2F6296780073396D /* Services */ = {
			isa = PBXGroup;
			children = (
				88211A4D2F6296780073396D /* Network */,
				88211A642F6296780073396D /* NetworkCore */,
				88211A6D2F6296780073396D /* Storage */,
			);
			path = Services;
			sourceTree = "<group>";
		};
		88211AAF2F62967C0073396D /* Application */ = {
			isa = PBXGroup;
			children = (
				882119F62F6296610073396D /* AppDelegate.swift */,
				882119FA2F6296610073396D /* LaunchScreen.storyboard */,
				882119FB2F6296610073396D /* SceneDelegate.swift */,
			);
			path = Application;
			sourceTree = "<group>";
		};
		88211AB02F6296970073396D /* Resources */ = {
			isa = PBXGroup;
			children = (
				882119F72F6296610073396D /* Assets.xcassets */,
			);
			path = Resources;
			sourceTree = "<group>";
		};
		88211AB12F62A3EC0073396D /* Auth */ = {
			isa = PBXGroup;
			children = (
				88211B0E2F62C8980073396D /* RegistrationViewModelTests.swift */,
				88211B0C2F62C8790073396D /* AuthViewModelTests.swift */,
				88211B062F62C8420073396D /* MockAuthNetwork.swift */,
			);
			path = Auth;
			sourceTree = "<group>";
		};
		88211AB42F62A4AB0073396D /* Models */ = {
			isa = PBXGroup;
			children = (
				88211AC82F62A6640073396D /* Role.swift */,
				88211AB52F62A4B20073396D /* ScreenState.swift */,
			);
			path = Models;
			sourceTree = "<group>";
		};
		88211AB82F62A4DE0073396D /* Profile */ = {
			isa = PBXGroup;
			children = (
				88211ADE2F62B0D10073396D /* Endpoints */,
				88211AD52F62AC7C0073396D /* NetworkServiceProtocol */,
				88211AD32F62AC6A0073396D /* NetworkService */,
				88211ABF2F62A56B0073396D /* Responses */,
				88211ABD2F62A55E0073396D /* Requests */,
			);
			path = Profile;
			sourceTree = "<group>";
		};
		88211ABD2F62A55E0073396D /* Requests */ = {
			isa = PBXGroup;
			children = (
				88211ACA2F62A75F0073396D /* UpdateProfileRequest.swift */,
				88211AC42F62A5A60073396D /* LoginRequest.swift */,
				88211AC22F62A5980073396D /* RegisterRequest.swift */,
			);
			path = Requests;
			sourceTree = "<group>";
		};
		88211ABF2F62A56B0073396D /* Responses */ = {
			isa = PBXGroup;
			children = (
				88211AC62F62A6170073396D /* ProfileResponse.swift */,
				88211AC02F62A5770073396D /* TokenResponse.swift */,
			);
			path = Responses;
			sourceTree = "<group>";
		};
		88211AD02F62A8950073396D /* Extensions */ = {
			isa = PBXGroup;
			children = (
				88211B122F62CF280073396D /* DismissKeyboardOnTap.swift */,
				88211AD12F62A89C0073396D /* Notification+userDidLogout.swift */,
			);
			path = Extensions;
			sourceTree = "<group>";
		};
		88211AD32F62AC6A0073396D /* NetworkService */ = {
			isa = PBXGroup;
			children = (
				88211AEE2F62B6BA0073396D /* UsersNetwork.swift */,
				88211ADC2F62B0030073396D /* AuthNetwork.swift */,
			);
			path = NetworkService;
			sourceTree = "<group>";
		};
		88211AD52F62AC7C0073396D /* NetworkServiceProtocol */ = {
			isa = PBXGroup;
			children = (
				88211ABB2F62A51F0073396D /* UsersNetworkProtocol.swift */,
				88211AB92F62A4E50073396D /* AuthNetworkProtocol.swift */,
			);
			path = NetworkServiceProtocol;
			sourceTree = "<group>";
		};
		88211ADE2F62B0D10073396D /* Endpoints */ = {
			isa = PBXGroup;
			children = (
				88211AEC2F62B4F00073396D /* DeleteProfileEndpoint.swift */,
				88211AEA2F62B4AD0073396D /* UpdateProfileEndpoint.swift */,
				88211AE82F62B41E0073396D /* GetProfileEndpoint.swift */,
				88211AE62F62B3EE0073396D /* RegisterEndpoint.swift */,
				88211AE42F62B3BF0073396D /* LogoutEndPoint.swift */,
				88211ADF2F62B0E60073396D /* LoginEndpoint.swift */,
			);
			path = Endpoints;
			sourceTree = "<group>";
		};
		88211AF12F62C0600073396D /* Scenes */ = {
			isa = PBXGroup;
			children = (
				88211B032F62C5260073396D /* AppCoordinator.swift */,
				88F98E8F2F64932600EDC0D2 /* Assignment */,
				88F98E952F64932600EDC0D2 /* Courses */,
				88211AF52F62C0900073396D /* Profile */,
				88211AF42F62C07E0073396D /* Registration */,
				88211AF32F62C06B0073396D /* Auth */,
			);
			path = Scenes;
			sourceTree = "<group>";
		};
		88211AF32F62C06B0073396D /* Auth */ = {
			isa = PBXGroup;
			children = (
				88211B012F62C0CD0073396D /* AuthViewModel.swift */,
				88211AFF2F62C0C80073396D /* AuthView.swift */,
			);
			path = Auth;
			sourceTree = "<group>";
		};
		88211AF42F62C07E0073396D /* Registration */ = {
			isa = PBXGroup;
			children = (
				88211AFD2F62C0B30073396D /* RegistrationViewModel.swift */,
				88211AFB2F62C0A90073396D /* RegistrationView.swift */,
			);
			path = Registration;
			sourceTree = "<group>";
		};
		88211AF52F62C0900073396D /* Profile */ = {
			isa = PBXGroup;
			children = (
				88211B142F62D1D00073396D /* EditProfile */,
				88211AF92F62C0A30073396D /* ProfileView.swift */,
				88211AF72F62C09C0073396D /* ProfileViewModel.swift */,
			);
			path = Profile;
			sourceTree = "<group>";
		};
		88211B052F62C8350073396D /* Profile */ = {
			isa = PBXGroup;
			children = (
				88211B102F62C8AD0073396D /* ProfileViewModelTests.swift */,
				88211B082F62C8500073396D /* MockUsersNetwork.swift */,
			);
			path = Profile;
			sourceTree = "<group>";
		};
		88211B142F62D1D00073396D /* EditProfile */ = {
			isa = PBXGroup;
			children = (
				88211B172F62D1E40073396D /* EditProfileView.swift */,
				88211B152F62D1DD0073396D /* EditProfileViewModel.swift */,
			);
			path = EditProfile;
			sourceTree = "<group>";
		};
		88F98E1C2F643D2F00EDC0D2 /* Endpoints */ = {
			isa = PBXGroup;
			children = (
				88F98E4C2F64487700EDC0D2 /* GetCourseTeachersEndpoint.swift */,
				88F98E4A2F64477400EDC0D2 /* LeaveCourseEndpoint.swift */,
				88F98E482F64470100EDC0D2 /* GetCourseInfoEndpoint.swift */,
				88F98E462F6446C100EDC0D2 /* GetMyCoursesEndpoint.swift */,
				88F98E162F643D2F00EDC0D2 /* JoinCourseEndpoint.swift */,
			);
			path = Endpoints;
			sourceTree = "<group>";
		};
		88F98E202F643D2F00EDC0D2 /* NetworkServiceProtocol */ = {
			isa = PBXGroup;
			children = (
				88F98E1D2F643D2F00EDC0D2 /* CoursesNetworkProtocol.swift */,
			);
			path = NetworkServiceProtocol;
			sourceTree = "<group>";
		};
		88F98E242F643D2F00EDC0D2 /* NetworkService */ = {
			isa = PBXGroup;
			children = (
				88F98E212F643D2F00EDC0D2 /* CoursesNetwork.swift */,
			);
			path = NetworkService;
			sourceTree = "<group>";
		};
		88F98E272F643D2F00EDC0D2 /* Responses */ = {
			isa = PBXGroup;
			children = (
				88F98E422F64442600EDC0D2 /* Teacher.swift */,
				88F98E402F6441A300EDC0D2 /* CourseShortResponse.swift */,
				88F98E3E2F643EC200EDC0D2 /* Course.swift */,
			);
			path = Responses;
			sourceTree = "<group>";
		};
		88F98E2B2F643D2F00EDC0D2 /* Requests */ = {
			isa = PBXGroup;
			children = (
				88F98E282F643D2F00EDC0D2 /* JoinCourseRequest.swift */,
			);
			path = Requests;
			sourceTree = "<group>";
		};
		88F98E2C2F643D2F00EDC0D2 /* Course */ = {
			isa = PBXGroup;
			children = (
				88F98E1C2F643D2F00EDC0D2 /* Endpoints */,
				88F98E202F643D2F00EDC0D2 /* NetworkServiceProtocol */,
				88F98E242F643D2F00EDC0D2 /* NetworkService */,
				88F98E272F643D2F00EDC0D2 /* Responses */,
				88F98E2B2F643D2F00EDC0D2 /* Requests */,
			);
			path = Course;
			sourceTree = "<group>";
		};
		88F98E582F645ABD00EDC0D2 /* Courses */ = {
			isa = PBXGroup;
			children = (
				88F98E5D2F645B0600EDC0D2 /* CourseDetailsViewModelTests.swift */,
				88F98E5B2F645AFF00EDC0D2 /* CoursesViewModelTests.swift */,
				88F98E8C2F64909200EDC0D2 /* MockAssignmentsNetwork.swift */,
				88F98E592F645ACD00EDC0D2 /* MockCourseNetwork.swift */,
			);
			path = Courses;
			sourceTree = "<group>";
		};
		88F98E692F6487EB00EDC0D2 /* Assignments */ = {
			isa = PBXGroup;
			children = (
				88F98E6F2F64880200EDC0D2 /* Endpoints */,
				88F98E712F64880200EDC0D2 /* NetworkServiceProtocol */,
				88F98E732F64880200EDC0D2 /* NetworkService */,
				88F98E772F64880200EDC0D2 /* Responses */,
			);
			path = Assignments;
			sourceTree = "<group>";
		};
		88F98E6F2F64880200EDC0D2 /* Endpoints */ = {
			isa = PBXGroup;
			children = (
				88F98EC22F64B2E000EDC0D2 /* GetMyGradesEndpoint.swift */,
				88F98E6A2F64880200EDC0D2 /* GetCourseAssignmentsEndpoint.swift */,
				88F98E6B2F64880200EDC0D2 /* GetAssignmentEndpoint.swift */,
			);
			path = Endpoints;
			sourceTree = "<group>";
		};
		88F98E712F64880200EDC0D2 /* NetworkServiceProtocol */ = {
			isa = PBXGroup;
			children = (
				88F98E702F64880200EDC0D2 /* AssignmentsNetworkProtocol.swift */,
			);
			path = NetworkServiceProtocol;
			sourceTree = "<group>";
		};
		88F98E732F64880200EDC0D2 /* NetworkService */ = {
			isa = PBXGroup;
			children = (
				88F98E722F64880200EDC0D2 /* AssignmentsNetwork.swift */,
			);
			path = NetworkService;
			sourceTree = "<group>";
		};
		88F98E772F64880200EDC0D2 /* Responses */ = {
			isa = PBXGroup;
			children = (
				88F98EC42F64B32300EDC0D2 /* Grade.swift */,
				88F98E9B2F6494A000EDC0D2 /* AssignmentsResponse.swift */,
				88F98E872F6488EB00EDC0D2 /* AssignmentResponse.swift */,
				88F98E852F6488E300EDC0D2 /* AssignmentFile.swift */,
			);
			path = Responses;
			sourceTree = "<group>";
		};
		88F98E8F2F64932600EDC0D2 /* Assignment */ = {
			isa = PBXGroup;
			children = (
				88F98EC62F64B8B000EDC0D2 /* AssignmentDetailsViewModel.swift */,
				88F98E9D2F64969300EDC0D2 /* AssignmentDetailsView.swift */,
			);
			path = Assignment;
			sourceTree = "<group>";
		};
		88F98E922F64932600EDC0D2 /* CourseDetails */ = {
			isa = PBXGroup;
			children = (
				88F98E902F64932600EDC0D2 /* CourseDetailsModel.swift */,
				88F98E912F64932600EDC0D2 /* CourseDetailsView.swift */,
			);
			path = CourseDetails;
			sourceTree = "<group>";
		};
		88F98E952F64932600EDC0D2 /* Courses */ = {
			isa = PBXGroup;
			children = (
				88F98E922F64932600EDC0D2 /* CourseDetails */,
				88F98E932F64932600EDC0D2 /* CoursesView.swift */,
				88F98E942F64932600EDC0D2 /* CoursesViewModel.swift */,
			);
			path = Courses;
			sourceTree = "<group>";
		};
		88F98EA42F64A2D000EDC0D2 /* Endpoints */ = {
			isa = PBXGroup;
			children = (
				88F98E9F2F64A2D000EDC0D2 /* GetCommentsEndpoint.swift */,
				88F98EA02F64A2D000EDC0D2 /* CreateCommentEndpoint.swift */,
				88F98EA12F64A2D000EDC0D2 /* DeleteCommentEndpoint.swift */,
				88F98EA22F64A2D000EDC0D2 /* EditCommentEndpoint.swift */,
			);
			path = Endpoints;
			sourceTree = "<group>";
		};
		88F98EA62F64A2D000EDC0D2 /* NetworkServiceProtocol */ = {
			isa = PBXGroup;
			children = (
				88F98EA52F64A2D000EDC0D2 /* CommentsNetworkProtocol.swift */,
			);
			path = NetworkServiceProtocol;
			sourceTree = "<group>";
		};
		88F98EA82F64A2D000EDC0D2 /* NetworkService */ = {
			isa = PBXGroup;
			children = (
				88F98EA72F64A2D000EDC0D2 /* CommentsNetwork.swift */,
			);
			path = NetworkService;
			sourceTree = "<group>";
		};
		88F98EAC2F64A2D000EDC0D2 /* Responses */ = {
			isa = PBXGroup;
			children = (
				88F98EAB2F64A2D000EDC0D2 /* Comment.swift */,
			);
			path = Responses;
			sourceTree = "<group>";
		};
		88F98EAE2F64A2D000EDC0D2 /* Requests */ = {
			isa = PBXGroup;
			children = (
				88F98EAD2F64A2D000EDC0D2 /* CommentRequest.swift */,
			);
			path = Requests;
			sourceTree = "<group>";
		};
		88F98EAF2F64A2D000EDC0D2 /* Comments */ = {
			isa = PBXGroup;
			children = (
				88F98EA42F64A2D000EDC0D2 /* Endpoints */,
				88F98EA62F64A2D000EDC0D2 /* NetworkServiceProtocol */,
				88F98EA82F64A2D000EDC0D2 /* NetworkService */,
				88F98EAC2F64A2D000EDC0D2 /* Responses */,
				88F98EAE2F64A2D000EDC0D2 /* Requests */,
			);
			path = Comments;
			sourceTree = "<group>";
		};
		88F98EBB2F64A78000EDC0D2 /* Assignment */ = {
			isa = PBXGroup;
			children = (
				88F98EBE2F64A7A600EDC0D2 /* AssignmentDetailsViewModelTests.swift */,
				88F98EBC2F64A78900EDC0D2 /* MockCommentsNetwork.swift */,
			);
			path = Assignment;
			sourceTree = "<group>";
		};
/* End PBXGroup section */

/* Begin PBXNativeTarget section */
		882119A02F60AD900073396D /* Pottery */ = {
			isa = PBXNativeTarget;
			buildConfigurationList = 882119CA2F60AD920073396D /* Build configuration list for PBXNativeTarget "Pottery" */;
			buildPhases = (
				8821199D2F60AD900073396D /* Sources */,
				8821199E2F60AD900073396D /* Frameworks */,
				8821199F2F60AD900073396D /* Resources */,
			);
			buildRules = (
			);
			dependencies = (
			);
			name = Pottery;
			packageProductDependencies = (
				88211AE22F62B1110073396D /* Alamofire */,
			);
			productName = Pottery;
			productReference = 882119A12F60AD900073396D /* Pottery.app */;
			productType = "com.apple.product-type.application";
		};
		882119B62F60AD920073396D /* PotteryTests */ = {
			isa = PBXNativeTarget;
			buildConfigurationList = 882119CF2F60AD920073396D /* Build configuration list for PBXNativeTarget "PotteryTests" */;
			buildPhases = (
				882119B32F60AD920073396D /* Sources */,
				882119B42F60AD920073396D /* Frameworks */,
				882119B52F60AD920073396D /* Resources */,
			);
			buildRules = (
			);
			dependencies = (
				882119B92F60AD920073396D /* PBXTargetDependency */,
			);
			name = PotteryTests;
			packageProductDependencies = (
			);
			productName = PotteryTests;
			productReference = 882119B72F60AD920073396D /* PotteryTests.xctest */;
			productType = "com.apple.product-type.bundle.unit-test";
		};
		882119C02F60AD920073396D /* PotteryUITests */ = {
			isa = PBXNativeTarget;
			buildConfigurationList = 882119D22F60AD920073396D /* Build configuration list for PBXNativeTarget "PotteryUITests" */;
			buildPhases = (
				882119BD2F60AD920073396D /* Sources */,
				882119BE2F60AD920073396D /* Frameworks */,
				882119BF2F60AD920073396D /* Resources */,
			);
			buildRules = (
			);
			dependencies = (
				882119C32F60AD920073396D /* PBXTargetDependency */,
			);
			name = PotteryUITests;
			packageProductDependencies = (
			);
			productName = PotteryUITests;
			productReference = 882119C12F60AD920073396D /* PotteryUITests.xctest */;
			productType = "com.apple.product-type.bundle.ui-testing";
		};
/* End PBXNativeTarget section */

/* Begin PBXProject section */
		882119992F60AD900073396D /* Project object */ = {
			isa = PBXProject;
			attributes = {
				BuildIndependentTargetsInParallel = 1;
				LastSwiftUpdateCheck = 2630;
				LastUpgradeCheck = 2630;
				TargetAttributes = {
					882119A02F60AD900073396D = {
						CreatedOnToolsVersion = 26.3;
					};
					882119B62F60AD920073396D = {
						CreatedOnToolsVersion = 26.3;
						TestTargetID = 882119A02F60AD900073396D;
					};
					882119C02F60AD920073396D = {
						CreatedOnToolsVersion = 26.3;
						TestTargetID = 882119A02F60AD900073396D;
					};
				};
			};
			buildConfigurationList = 8821199C2F60AD900073396D /* Build configuration list for PBXProject "Pottery" */;
			developmentRegion = en;
			hasScannedForEncodings = 0;
			knownRegions = (
				en,
				Base,
			);
			mainGroup = 882119982F60AD900073396D;
			minimizedProjectReferenceProxies = 1;
			packageReferences = (
				88211AE12F62B1110073396D /* XCRemoteSwiftPackageReference "Alamofire" */,
			);
			preferredProjectObjectVersion = 77;
			productRefGroup = 882119A22F60AD900073396D /* Products */;
			projectDirPath = "";
			projectRoot = "";
			targets = (
				882119A02F60AD900073396D /* Pottery */,
				882119B62F60AD920073396D /* PotteryTests */,
				882119C02F60AD920073396D /* PotteryUITests */,
			);
		};
/* End PBXProject section */

/* Begin PBXResourcesBuildPhase section */
		8821199F2F60AD900073396D /* Resources */ = {
			isa = PBXResourcesBuildPhase;
			buildActionMask = 2147483647;
			files = (
				882119FE2F6296610073396D /* Assets.xcassets in Resources */,
				88211A002F6296610073396D /* LaunchScreen.storyboard in Resources */,
			);
			runOnlyForDeploymentPostprocessing = 0;
		};
		882119B52F60AD920073396D /* Resources */ = {
			isa = PBXResourcesBuildPhase;
			buildActionMask = 2147483647;
			files = (
			);
			runOnlyForDeploymentPostprocessing = 0;
		};
		882119BF2F60AD920073396D /* Resources */ = {
			isa = PBXResourcesBuildPhase;
			buildActionMask = 2147483647;
			files = (
			);
			runOnlyForDeploymentPostprocessing = 0;
		};
/* End PBXResourcesBuildPhase section */

/* Begin PBXSourcesBuildPhase section */
		8821199D2F60AD900073396D /* Sources */ = {
			isa = PBXSourcesBuildPhase;
			buildActionMask = 2147483647;
			files = (
				88211A022F6296610073396D /* Coordinator.swift in Sources */,
				88F98E9C2F6494A000EDC0D2 /* AssignmentsResponse.swift in Sources */,
				88211A032F6296610073396D /* NavigationController.swift in Sources */,
				88211AC32F62A59D0073396D /* RegisterRequest.swift in Sources */,
				88F98EB02F64A2D000EDC0D2 /* CommentRequest.swift in Sources */,
				88211AC92F62A6670073396D /* Role.swift in Sources */,
				88211A052F6296610073396D /* AppDelegate.swift in Sources */,
				88211A062F6296610073396D /* SceneDelegate.swift in Sources */,
				88211ACB2F62A75F0073396D /* UpdateProfileRequest.swift in Sources */,
				88F98E7B2F64880200EDC0D2 /* AssignmentsNetworkProtocol.swift in Sources */,
				88F98E7E2F64880200EDC0D2 /* AssignmentsNetwork.swift in Sources */,
				88F98E802F64880200EDC0D2 /* GetCourseAssignmentsEndpoint.swift in Sources */,
				88F98E822F64880200EDC0D2 /* GetAssignmentEndpoint.swift in Sources */,
				88F98E862F6488E300EDC0D2 /* AssignmentFile.swift in Sources */,
				88211AE02F62B0E60073396D /* LoginEndpoint.swift in Sources */,
				88F98E2E2F643D2F00EDC0D2 /* JoinCourseRequest.swift in Sources */,
				88211A072F6296610073396D /* ViewController.swift in Sources */,
				88F98EB92F64A2D000EDC0D2 /* Comment.swift in Sources */,
				88211A6F2F6296780073396D /* KeychainConstants.swift in Sources */,
				88211B042F62C5260073396D /* AppCoordinator.swift in Sources */,
				88211ADD2F62B00B0073396D /* AuthNetwork.swift in Sources */,
				88F98E412F6441BC00EDC0D2 /* CourseShortResponse.swift in Sources */,
				88211AC72F62A61D0073396D /* ProfileResponse.swift in Sources */,
				88F98EB82F64A2D000EDC0D2 /* GetCommentsEndpoint.swift in Sources */,
				88211AEB2F62B4AD0073396D /* UpdateProfileEndpoint.swift in Sources */,
				88211A702F6296780073396D /* AuthorizationProvidingProtocol.swift in Sources */,
				88211A712F6296780073396D /* KeychainTokenStorage.swift in Sources */,
				88211A752F6296780073396D /* HTTPStatusCode.swift in Sources */,
				88211A7D2F6296780073396D /* APIConstants.swift in Sources */,
				88211A7F2F6296780073396D /* NetworkService.swift in Sources */,
				88211A802F6296780073396D /* HTTPMethod.swift in Sources */,
				88211AE72F62B3EE0073396D /* RegisterEndpoint.swift in Sources */,
				88211AFE2F62C0C10073396D /* RegistrationViewModel.swift in Sources */,
				88211AE92F62B41E0073396D /* GetProfileEndpoint.swift in Sources */,
				88F98E352F643D2F00EDC0D2 /* CoursesNetwork.swift in Sources */,
				88211A812F6296780073396D /* EndPoint.swift in Sources */,
				88211A832F6296780073396D /* KeyValueStoreProtocol.swift in Sources */,
				88211AD22F62A89C0073396D /* Notification+userDidLogout.swift in Sources */,
				88211A8A2F6296780073396D /* HTTPTask.swift in Sources */,
				88F98EC72F64B8B000EDC0D2 /* AssignmentDetailsViewModel.swift in Sources */,
				88211ABA2F62A4EC0073396D /* AuthNetworkProtocol.swift in Sources */,
				88211ACE2F62A8710073396D /* SessionServiceProtocol.swift in Sources */,
				88211AE52F62B3BF0073396D /* LogoutEndPoint.swift in Sources */,
				88211AF82F62C0A10073396D /* ProfileViewModel.swift in Sources */,
				88F98E472F6446C100EDC0D2 /* GetMyCoursesEndpoint.swift in Sources */,
				88F98EB22F64A2D000EDC0D2 /* CommentsNetwork.swift in Sources */,
				88F98E9E2F64969300EDC0D2 /* AssignmentDetailsView.swift in Sources */,
				88211AFC2F62C0B10073396D /* RegistrationView.swift in Sources */,
				88F98E962F64932600EDC0D2 /* CourseDetailsModel.swift in Sources */,
				88F98E982F64932600EDC0D2 /* CoursesView.swift in Sources */,
				88F98EC52F64B32700EDC0D2 /* Grade.swift in Sources */,
				88F98E992F64932600EDC0D2 /* CourseDetailsView.swift in Sources */,
				88F98E9A2F64932600EDC0D2 /* CoursesViewModel.swift in Sources */,
				88211ACF2F62A8710073396D /* SessionService.swift in Sources */,
				88211A8D2F6296780073396D /* HTTPClient.swift in Sources */,
				88211B162F62D1DD0073396D /* EditProfileViewModel.swift in Sources */,
				88F98E382F643D2F00EDC0D2 /* JoinCourseEndpoint.swift in Sources */,
				88211AED2F62B4F00073396D /* DeleteProfileEndpoint.swift in Sources */,
				88211A8E2F6296780073396D /* NetworkError.swift in Sources */,
				88F98EB52F64A2D000EDC0D2 /* DeleteCommentEndpoint.swift in Sources */,
				88211A912F6296780073396D /* KeychainStoreFactory.swift in Sources */,
				88211B132F62CF280073396D /* DismissKeyboardOnTap.swift in Sources */,
				88211A922F6296780073396D /* NetworkLogger.swift in Sources */,
				88F98E882F6488EB00EDC0D2 /* AssignmentResponse.swift in Sources */,
				88211A962F6296780073396D /* AuthorizationRequirement.swift in Sources */,
				88211B022F62C0D10073396D /* AuthViewModel.swift in Sources */,
				88211A972F6296780073396D /* TokenStorageProtocol.swift in Sources */,
				88211B182F62D1E40073396D /* EditProfileView.swift in Sources */,
				88211A982F6296780073396D /* URLRequestBuilder.swift in Sources */,
				88F98E492F64470100EDC0D2 /* GetCourseInfoEndpoint.swift in Sources */,
				88211A9B2F6296780073396D /* AuthorizationProvider.swift in Sources */,
				88211AC52F62A5AB0073396D /* LoginRequest.swift in Sources */,
				88211AFA2F62C0A70073396D /* ProfileView.swift in Sources */,
				88F98EC32F64B2E000EDC0D2 /* GetMyGradesEndpoint.swift in Sources */,
				88211AEF2F62B6C30073396D /* UsersNetwork.swift in Sources */,
				88211A9C2F6296780073396D /* HTTPHeaderValue.swift in Sources */,
				88211A9E2F6296780073396D /* QueryItem.swift in Sources */,
				88F98E432F64442B00EDC0D2 /* Teacher.swift in Sources */,
				88F98E3C2F643D2F00EDC0D2 /* CoursesNetworkProtocol.swift in Sources */,
				88211B002F62C0CB0073396D /* AuthView.swift in Sources */,
				88211ABC2F62A5270073396D /* UsersNetworkProtocol.swift in Sources */,
				88211AA52F6296780073396D /* HTTPHeader.swift in Sources */,
				88F98E4D2F64487700EDC0D2 /* GetCourseTeachersEndpoint.swift in Sources */,
				88211AAB2F6296780073396D /* KeychainStore.swift in Sources */,
				88F98E3F2F643EC700EDC0D2 /* Course.swift in Sources */,
				88211AB62F62A4B90073396D /* ScreenState.swift in Sources */,
				88211AC12F62A57D0073396D /* TokenResponse.swift in Sources */,
				88211AAC2F6296780073396D /* NetworkTransport.swift in Sources */,
				88211AAE2F6296780073396D /* NetworkServiceProtocol.swift in Sources */,
				88F98E4B2F64477400EDC0D2 /* LeaveCourseEndpoint.swift in Sources */,
				88F98EB32F64A2D000EDC0D2 /* EditCommentEndpoint.swift in Sources */,
				88F98EB72F64A2D000EDC0D2 /* CommentsNetworkProtocol.swift in Sources */,
				88F98EBA2F64A2D000EDC0D2 /* CreateCommentEndpoint.swift in Sources */,
			);
			runOnlyForDeploymentPostprocessing = 0;
		};
		882119B32F60AD920073396D /* Sources */ = {
			isa = PBXSourcesBuildPhase;
			buildActionMask = 2147483647;
			files = (
				88211B072F62C8420073396D /* MockAuthNetwork.swift in Sources */,
				88F98EBF2F64A7A600EDC0D2 /* AssignmentDetailsViewModelTests.swift in Sources */,
				88F98E8D2F64909200EDC0D2 /* MockAssignmentsNetwork.swift in Sources */,
				88211B092F62C8500073396D /* MockUsersNetwork.swift in Sources */,
				88211B0F2F62C8980073396D /* RegistrationViewModelTests.swift in Sources */,
				88211B0B2F62C8620073396D /* MockError.swift in Sources */,
				88211B112F62C8AD0073396D /* ProfileViewModelTests.swift in Sources */,
				88F98EBD2F64A78900EDC0D2 /* MockCommentsNetwork.swift in Sources */,
				88211B0D2F62C8790073396D /* AuthViewModelTests.swift in Sources */,
				88F98E5C2F645AFF00EDC0D2 /* CoursesViewModelTests.swift in Sources */,
				88211A0A2F6296650073396D /* PotteryTests.swift in Sources */,
				88F98E5E2F645B0600EDC0D2 /* CourseDetailsViewModelTests.swift in Sources */,
				88F98E5A2F645ACD00EDC0D2 /* MockCourseNetwork.swift in Sources */,
			);
			runOnlyForDeploymentPostprocessing = 0;
		};
		882119BD2F60AD920073396D /* Sources */ = {
			isa = PBXSourcesBuildPhase;
			buildActionMask = 2147483647;
			files = (
				88211A0E2F6296670073396D /* PotteryUITests.swift in Sources */,
				88211A0F2F6296670073396D /* PotteryUITestsLaunchTests.swift in Sources */,
			);
			runOnlyForDeploymentPostprocessing = 0;
		};
/* End PBXSourcesBuildPhase section */

/* Begin PBXTargetDependency section */
		882119B92F60AD920073396D /* PBXTargetDependency */ = {
			isa = PBXTargetDependency;
			target = 882119A02F60AD900073396D /* Pottery */;
			targetProxy = 882119B82F60AD920073396D /* PBXContainerItemProxy */;
		};
		882119C32F60AD920073396D /* PBXTargetDependency */ = {
			isa = PBXTargetDependency;
			target = 882119A02F60AD900073396D /* Pottery */;
			targetProxy = 882119C22F60AD920073396D /* PBXContainerItemProxy */;
		};
/* End PBXTargetDependency section */

/* Begin PBXVariantGroup section */
		882119FA2F6296610073396D /* LaunchScreen.storyboard */ = {
			isa = PBXVariantGroup;
			children = (
				882119F92F6296610073396D /* Base */,
			);
			name = LaunchScreen.storyboard;
			sourceTree = "<group>";
		};
/* End PBXVariantGroup section */

/* Begin XCBuildConfiguration section */
		882119CB2F60AD920073396D /* Debug */ = {
			isa = XCBuildConfiguration;
			buildSettings = {
				ASSETCATALOG_COMPILER_APPICON_NAME = AppIcon;
				ASSETCATALOG_COMPILER_GLOBAL_ACCENT_COLOR_NAME = AccentColor;
				CODE_SIGN_STYLE = Automatic;
				CURRENT_PROJECT_VERSION = 1;
				GENERATE_INFOPLIST_FILE = YES;
				INFOPLIST_FILE = Pottery/Info.plist;
				INFOPLIST_KEY_UIApplicationSupportsIndirectInputEvents = YES;
				INFOPLIST_KEY_UILaunchStoryboardName = LaunchScreen;
				INFOPLIST_KEY_UISupportedInterfaceOrientations_iPad = "UIInterfaceOrientationPortrait UIInterfaceOrientationPortraitUpsideDown UIInterfaceOrientationLandscapeLeft UIInterfaceOrientationLandscapeRight";
				INFOPLIST_KEY_UISupportedInterfaceOrientations_iPhone = "UIInterfaceOrientationPortrait UIInterfaceOrientationLandscapeLeft UIInterfaceOrientationLandscapeRight";
				LD_RUNPATH_SEARCH_PATHS = (
					"$(inherited)",
					"@executable_path/Frameworks",
				);
				MARKETING_VERSION = 1.0;
				PRODUCT_BUNDLE_IDENTIFIER = zayata.Pottery;
				PRODUCT_NAME = "$(TARGET_NAME)";
				STRING_CATALOG_GENERATE_SYMBOLS = YES;
				SWIFT_APPROACHABLE_CONCURRENCY = YES;
				SWIFT_DEFAULT_ACTOR_ISOLATION = MainActor;
				SWIFT_EMIT_LOC_STRINGS = YES;
				SWIFT_UPCOMING_FEATURE_MEMBER_IMPORT_VISIBILITY = YES;
				SWIFT_VERSION = 5.0;
				TARGETED_DEVICE_FAMILY = "1,2";
			};
			name = Debug;
		};
		882119CC2F60AD920073396D /* Release */ = {
			isa = XCBuildConfiguration;
			buildSettings = {
				ASSETCATALOG_COMPILER_APPICON_NAME = AppIcon;
				ASSETCATALOG_COMPILER_GLOBAL_ACCENT_COLOR_NAME = AccentColor;
				CODE_SIGN_STYLE = Automatic;
				CURRENT_PROJECT_VERSION = 1;
				GENERATE_INFOPLIST_FILE = YES;
				INFOPLIST_FILE = Pottery/Info.plist;
				INFOPLIST_KEY_UIApplicationSupportsIndirectInputEvents = YES;
				INFOPLIST_KEY_UILaunchStoryboardName = LaunchScreen;
				INFOPLIST_KEY_UISupportedInterfaceOrientations_iPad = "UIInterfaceOrientationPortrait UIInterfaceOrientationPortraitUpsideDown UIInterfaceOrientationLandscapeLeft UIInterfaceOrientationLandscapeRight";
				INFOPLIST_KEY_UISupportedInterfaceOrientations_iPhone = "UIInterfaceOrientationPortrait UIInterfaceOrientationLandscapeLeft UIInterfaceOrientationLandscapeRight";
				LD_RUNPATH_SEARCH_PATHS = (
					"$(inherited)",
					"@executable_path/Frameworks",
				);
				MARKETING_VERSION = 1.0;
				PRODUCT_BUNDLE_IDENTIFIER = zayata.Pottery;
				PRODUCT_NAME = "$(TARGET_NAME)";
				STRING_CATALOG_GENERATE_SYMBOLS = YES;
				SWIFT_APPROACHABLE_CONCURRENCY = YES;
				SWIFT_DEFAULT_ACTOR_ISOLATION = MainActor;
				SWIFT_EMIT_LOC_STRINGS = YES;
				SWIFT_UPCOMING_FEATURE_MEMBER_IMPORT_VISIBILITY = YES;
				SWIFT_VERSION = 5.0;
				TARGETED_DEVICE_FAMILY = "1,2";
			};
			name = Release;
		};
		882119CD2F60AD920073396D /* Debug */ = {
			isa = XCBuildConfiguration;
			buildSettings = {
				ALWAYS_SEARCH_USER_PATHS = NO;
				ASSETCATALOG_COMPILER_GENERATE_SWIFT_ASSET_SYMBOL_EXTENSIONS = YES;
				CLANG_ANALYZER_NONNULL = YES;
				CLANG_ANALYZER_NUMBER_OBJECT_CONVERSION = YES_AGGRESSIVE;
				CLANG_CXX_LANGUAGE_STANDARD = "gnu++20";
				CLANG_ENABLE_MODULES = YES;
				CLANG_ENABLE_OBJC_ARC = YES;
				CLANG_ENABLE_OBJC_WEAK = YES;
				CLANG_WARN_BLOCK_CAPTURE_AUTORELEASING = YES;
				CLANG_WARN_BOOL_CONVERSION = YES;
				CLANG_WARN_COMMA = YES;
				CLANG_WARN_CONSTANT_CONVERSION = YES;
				CLANG_WARN_DEPRECATED_OBJC_IMPLEMENTATIONS = YES;
				CLANG_WARN_DIRECT_OBJC_ISA_USAGE = YES_ERROR;
				CLANG_WARN_DOCUMENTATION_COMMENTS = YES;
				CLANG_WARN_EMPTY_BODY = YES;
				CLANG_WARN_ENUM_CONVERSION = YES;
				CLANG_WARN_INFINITE_RECURSION = YES;
				CLANG_WARN_INT_CONVERSION = YES;
				CLANG_WARN_NON_LITERAL_NULL_CONVERSION = YES;
				CLANG_WARN_OBJC_IMPLICIT_RETAIN_SELF = YES;
				CLANG_WARN_OBJC_LITERAL_CONVERSION = YES;
				CLANG_WARN_OBJC_ROOT_CLASS = YES_ERROR;
				CLANG_WARN_QUOTED_INCLUDE_IN_FRAMEWORK_HEADER = YES;
				CLANG_WARN_RANGE_LOOP_ANALYSIS = YES;
				CLANG_WARN_STRICT_PROTOTYPES = YES;
				CLANG_WARN_SUSPICIOUS_MOVE = YES;
				CLANG_WARN_UNGUARDED_AVAILABILITY = YES_AGGRESSIVE;
				CLANG_WARN_UNREACHABLE_CODE = YES;
				CLANG_WARN__DUPLICATE_METHOD_MATCH = YES;
				COPY_PHASE_STRIP = NO;
				DEBUG_INFORMATION_FORMAT = dwarf;
				ENABLE_STRICT_OBJC_MSGSEND = YES;
				ENABLE_TESTABILITY = YES;
				ENABLE_USER_SCRIPT_SANDBOXING = YES;
				GCC_C_LANGUAGE_STANDARD = gnu17;
				GCC_DYNAMIC_NO_PIC = NO;
				GCC_NO_COMMON_BLOCKS = YES;
				GCC_OPTIMIZATION_LEVEL = 0;
				GCC_PREPROCESSOR_DEFINITIONS = (
					"DEBUG=1",
					"$(inherited)",
				);
				GCC_WARN_64_TO_32_BIT_CONVERSION = YES;
				GCC_WARN_ABOUT_RETURN_TYPE = YES_ERROR;
				GCC_WARN_UNDECLARED_SELECTOR = YES;
				GCC_WARN_UNINITIALIZED_AUTOS = YES_AGGRESSIVE;
				GCC_WARN_UNUSED_FUNCTION = YES;
				GCC_WARN_UNUSED_VARIABLE = YES;
				IPHONEOS_DEPLOYMENT_TARGET = 26.2;
				LOCALIZATION_PREFERS_STRING_CATALOGS = YES;
				MTL_ENABLE_DEBUG_INFO = INCLUDE_SOURCE;
				MTL_FAST_MATH = YES;
				ONLY_ACTIVE_ARCH = YES;
				SDKROOT = iphoneos;
				SWIFT_ACTIVE_COMPILATION_CONDITIONS = "DEBUG $(inherited)";
				SWIFT_OPTIMIZATION_LEVEL = "-Onone";
			};
			name = Debug;
		};
		882119CE2F60AD920073396D /* Release */ = {
			isa = XCBuildConfiguration;
			buildSettings = {
				ALWAYS_SEARCH_USER_PATHS = NO;
				ASSETCATALOG_COMPILER_GENERATE_SWIFT_ASSET_SYMBOL_EXTENSIONS = YES;
				CLANG_ANALYZER_NONNULL = YES;
				CLANG_ANALYZER_NUMBER_OBJECT_CONVERSION = YES_AGGRESSIVE;
				CLANG_CXX_LANGUAGE_STANDARD = "gnu++20";
				CLANG_ENABLE_MODULES = YES;
				CLANG_ENABLE_OBJC_ARC = YES;
				CLANG_ENABLE_OBJC_WEAK = YES;
				CLANG_WARN_BLOCK_CAPTURE_AUTORELEASING = YES;
				CLANG_WARN_BOOL_CONVERSION = YES;
				CLANG_WARN_COMMA = YES;
				CLANG_WARN_CONSTANT_CONVERSION = YES;
				CLANG_WARN_DEPRECATED_OBJC_IMPLEMENTATIONS = YES;
				CLANG_WARN_DIRECT_OBJC_ISA_USAGE = YES_ERROR;
				CLANG_WARN_DOCUMENTATION_COMMENTS = YES;
				CLANG_WARN_EMPTY_BODY = YES;
				CLANG_WARN_ENUM_CONVERSION = YES;
				CLANG_WARN_INFINITE_RECURSION = YES;
				CLANG_WARN_INT_CONVERSION = YES;
				CLANG_WARN_NON_LITERAL_NULL_CONVERSION = YES;
				CLANG_WARN_OBJC_IMPLICIT_RETAIN_SELF = YES;
				CLANG_WARN_OBJC_LITERAL_CONVERSION = YES;
				CLANG_WARN_OBJC_ROOT_CLASS = YES_ERROR;
				CLANG_WARN_QUOTED_INCLUDE_IN_FRAMEWORK_HEADER = YES;
				CLANG_WARN_RANGE_LOOP_ANALYSIS = YES;
				CLANG_WARN_STRICT_PROTOTYPES = YES;
				CLANG_WARN_SUSPICIOUS_MOVE = YES;
				CLANG_WARN_UNGUARDED_AVAILABILITY = YES_AGGRESSIVE;
				CLANG_WARN_UNREACHABLE_CODE = YES;
				CLANG_WARN__DUPLICATE_METHOD_MATCH = YES;
				COPY_PHASE_STRIP = NO;
				DEBUG_INFORMATION_FORMAT = "dwarf-with-dsym";
				ENABLE_NS_ASSERTIONS = NO;
				ENABLE_STRICT_OBJC_MSGSEND = YES;
				ENABLE_USER_SCRIPT_SANDBOXING = YES;
				GCC_C_LANGUAGE_STANDARD = gnu17;
				GCC_NO_COMMON_BLOCKS = YES;
				GCC_WARN_64_TO_32_BIT_CONVERSION = YES;
				GCC_WARN_ABOUT_RETURN_TYPE = YES_ERROR;
				GCC_WARN_UNDECLARED_SELECTOR = YES;
				GCC_WARN_UNINITIALIZED_AUTOS = YES_AGGRESSIVE;
				GCC_WARN_UNUSED_FUNCTION = YES;
				GCC_WARN_UNUSED_VARIABLE = YES;
				IPHONEOS_DEPLOYMENT_TARGET = 26.2;
				LOCALIZATION_PREFERS_STRING_CATALOGS = YES;
				MTL_ENABLE_DEBUG_INFO = NO;
				MTL_FAST_MATH = YES;
				SDKROOT = iphoneos;
				SWIFT_COMPILATION_MODE = wholemodule;
				VALIDATE_PRODUCT = YES;
			};
			name = Release;
		};
		882119D02F60AD920073396D /* Debug */ = {
			isa = XCBuildConfiguration;
			buildSettings = {
				BUNDLE_LOADER = "$(TEST_HOST)";
				CODE_SIGN_STYLE = Automatic;
				CURRENT_PROJECT_VERSION = 1;
				GENERATE_INFOPLIST_FILE = YES;
				IPHONEOS_DEPLOYMENT_TARGET = 26.2;
				MARKETING_VERSION = 1.0;
				PRODUCT_BUNDLE_IDENTIFIER = zayata.PotteryTests;
				PRODUCT_NAME = "$(TARGET_NAME)";
				STRING_CATALOG_GENERATE_SYMBOLS = NO;
				SWIFT_APPROACHABLE_CONCURRENCY = YES;
				SWIFT_EMIT_LOC_STRINGS = NO;
				SWIFT_UPCOMING_FEATURE_MEMBER_IMPORT_VISIBILITY = YES;
				SWIFT_VERSION = 5.0;
				TARGETED_DEVICE_FAMILY = "1,2";
				TEST_HOST = "$(BUILT_PRODUCTS_DIR)/Pottery.app/$(BUNDLE_EXECUTABLE_FOLDER_PATH)/Pottery";
			};
			name = Debug;
		};
		882119D12F60AD920073396D /* Release */ = {
			isa = XCBuildConfiguration;
			buildSettings = {
				BUNDLE_LOADER = "$(TEST_HOST)";
				CODE_SIGN_STYLE = Automatic;
				CURRENT_PROJECT_VERSION = 1;
				GENERATE_INFOPLIST_FILE = YES;
				IPHONEOS_DEPLOYMENT_TARGET = 26.2;
				MARKETING_VERSION = 1.0;
				PRODUCT_BUNDLE_IDENTIFIER = zayata.PotteryTests;
				PRODUCT_NAME = "$(TARGET_NAME)";
				STRING_CATALOG_GENERATE_SYMBOLS = NO;
				SWIFT_APPROACHABLE_CONCURRENCY = YES;
				SWIFT_EMIT_LOC_STRINGS = NO;
				SWIFT_UPCOMING_FEATURE_MEMBER_IMPORT_VISIBILITY = YES;
				SWIFT_VERSION = 5.0;
				TARGETED_DEVICE_FAMILY = "1,2";
				TEST_HOST = "$(BUILT_PRODUCTS_DIR)/Pottery.app/$(BUNDLE_EXECUTABLE_FOLDER_PATH)/Pottery";
			};
			name = Release;
		};
		882119D32F60AD920073396D /* Debug */ = {
			isa = XCBuildConfiguration;
			buildSettings = {
				CODE_SIGN_STYLE = Automatic;
				CURRENT_PROJECT_VERSION = 1;
				GENERATE_INFOPLIST_FILE = YES;
				MARKETING_VERSION = 1.0;
				PRODUCT_BUNDLE_IDENTIFIER = zayata.PotteryUITests;
				PRODUCT_NAME = "$(TARGET_NAME)";
				STRING_CATALOG_GENERATE_SYMBOLS = NO;
				SWIFT_APPROACHABLE_CONCURRENCY = YES;
				SWIFT_EMIT_LOC_STRINGS = NO;
				SWIFT_UPCOMING_FEATURE_MEMBER_IMPORT_VISIBILITY = YES;
				SWIFT_VERSION = 5.0;
				TARGETED_DEVICE_FAMILY = "1,2";
				TEST_TARGET_NAME = Pottery;
			};
			name = Debug;
		};
		882119D42F60AD920073396D /* Release */ = {
			isa = XCBuildConfiguration;
			buildSettings = {
				CODE_SIGN_STYLE = Automatic;
				CURRENT_PROJECT_VERSION = 1;
				GENERATE_INFOPLIST_FILE = YES;
				MARKETING_VERSION = 1.0;
				PRODUCT_BUNDLE_IDENTIFIER = zayata.PotteryUITests;
				PRODUCT_NAME = "$(TARGET_NAME)";
				STRING_CATALOG_GENERATE_SYMBOLS = NO;
				SWIFT_APPROACHABLE_CONCURRENCY = YES;
				SWIFT_EMIT_LOC_STRINGS = NO;
				SWIFT_UPCOMING_FEATURE_MEMBER_IMPORT_VISIBILITY = YES;
				SWIFT_VERSION = 5.0;
				TARGETED_DEVICE_FAMILY = "1,2";
				TEST_TARGET_NAME = Pottery;
			};
			name = Release;
		};
/* End XCBuildConfiguration section */

/* Begin XCConfigurationList section */
		8821199C2F60AD900073396D /* Build configuration list for PBXProject "Pottery" */ = {
			isa = XCConfigurationList;
			buildConfigurations = (
				882119CD2F60AD920073396D /* Debug */,
				882119CE2F60AD920073396D /* Release */,
			);
			defaultConfigurationIsVisible = 0;
			defaultConfigurationName = Release;
		};
		882119CA2F60AD920073396D /* Build configuration list for PBXNativeTarget "Pottery" */ = {
			isa = XCConfigurationList;
			buildConfigurations = (
				882119CB2F60AD920073396D /* Debug */,
				882119CC2F60AD920073396D /* Release */,
			);
			defaultConfigurationIsVisible = 0;
			defaultConfigurationName = Release;
		};
		882119CF2F60AD920073396D /* Build configuration list for PBXNativeTarget "PotteryTests" */ = {
			isa = XCConfigurationList;
			buildConfigurations = (
				882119D02F60AD920073396D /* Debug */,
				882119D12F60AD920073396D /* Release */,
			);
			defaultConfigurationIsVisible = 0;
			defaultConfigurationName = Release;
		};
		882119D22F60AD920073396D /* Build configuration list for PBXNativeTarget "PotteryUITests" */ = {
			isa = XCConfigurationList;
			buildConfigurations = (
				882119D32F60AD920073396D /* Debug */,
				882119D42F60AD920073396D /* Release */,
			);
			defaultConfigurationIsVisible = 0;
			defaultConfigurationName = Release;
		};
/* End XCConfigurationList section */

/* Begin XCRemoteSwiftPackageReference section */
		88211AE12F62B1110073396D /* XCRemoteSwiftPackageReference "Alamofire" */ = {
			isa = XCRemoteSwiftPackageReference;
			repositoryURL = "https://github.com/Alamofire/Alamofire.git";
			requirement = {
				kind = upToNextMajorVersion;
				minimumVersion = 5.11.1;
			};
		};
/* End XCRemoteSwiftPackageReference section */

/* Begin XCSwiftPackageProductDependency section */
		88211AE22F62B1110073396D /* Alamofire */ = {
			isa = XCSwiftPackageProductDependency;
			package = 88211AE12F62B1110073396D /* XCRemoteSwiftPackageReference "Alamofire" */;
			productName = Alamofire;
		};
/* End XCSwiftPackageProductDependency section */
	};
	rootObject = 882119992F60AD900073396D /* Project object */;
}
