// !$*UTF8*$!
{
	archiveVersion = 1;
	classes = {
	};
	objectVersion = 77;
	objects = {

/* Begin PBXBuildFile section */
		882119FE2F6296610073396D /* Assets.xcassets in Resources */ = {isa = PBXBuildFile; fileRef = 882119F72F6296610073396D /* Assets.xcassets */; };
		88211A002F6296610073396D /* LaunchScreen.storyboard in Resources */ = {isa = PBXBuildFile; fileRef = 882119FA2F6296610073396D /* LaunchScreen.storyboard */; };
		88211A012F6296610073396D /* ConfigurableCoordinator.swift in Sources */ = {isa = PBXBuildFile; fileRef = 882119F02F6296610073396D /* ConfigurableCoordinator.swift */; };
		88211A022F6296610073396D /* Coordinator.swift in Sources */ = {isa = PBXBuildFile; fileRef = 882119F12F6296610073396D /* Coordinator.swift */; };
		88211A032F6296610073396D /* NavigationController.swift in Sources */ = {isa = PBXBuildFile; fileRef = 882119F22F6296610073396D /* NavigationController.swift */; };
		88211A042F6296610073396D /* NavigationPopObserver.swift in Sources */ = {isa = PBXBuildFile; fileRef = 882119F32F6296610073396D /* NavigationPopObserver.swift */; };
		88211A052F6296610073396D /* AppDelegate.swift in Sources */ = {isa = PBXBuildFile; fileRef = 882119F62F6296610073396D /* AppDelegate.swift */; };
		88211A062F6296610073396D /* SceneDelegate.swift in Sources */ = {isa = PBXBuildFile; fileRef = 882119FB2F6296610073396D /* SceneDelegate.swift */; };
		88211A072F6296610073396D /* ViewController.swift in Sources */ = {isa = PBXBuildFile; fileRef = 882119FC2F6296610073396D /* ViewController.swift */; };
		88211A0A2F6296650073396D /* PotteryTests.swift in Sources */ = {isa = PBXBuildFile; fileRef = 88211A082F6296650073396D /* PotteryTests.swift */; };
		88211A0E2F6296670073396D /* PotteryUITests.swift in Sources */ = {isa = PBXBuildFile; fileRef = 88211A0B2F6296670073396D /* PotteryUITests.swift */; };
		88211A0F2F6296670073396D /* PotteryUITestsLaunchTests.swift in Sources */ = {isa = PBXBuildFile; fileRef = 88211A0C2F6296670073396D /* PotteryUITestsLaunchTests.swift */; };
		88211A6F2F6296780073396D /* KeychainConstants.swift in Sources */ = {isa = PBXBuildFile; fileRef = 88211A672F6296780073396D /* KeychainConstants.swift */; };
		88211A702F6296780073396D /* AuthorizationProvidingProtocol.swift in Sources */ = {isa = PBXBuildFile; fileRef = 88211A542F6296780073396D /* AuthorizationProvidingProtocol.swift */; };
		88211A712F6296780073396D /* KeychainTokenStorage.swift in Sources */ = {isa = PBXBuildFile; fileRef = 88211A6A2F6296780073396D /* KeychainTokenStorage.swift */; };
		88211A752F6296780073396D /* HTTPStatusCode.swift in Sources */ = {isa = PBXBuildFile; fileRef = 88211A512F6296780073396D /* HTTPStatusCode.swift */; };
		88211A7D2F6296780073396D /* APIConstants.swift in Sources */ = {isa = PBXBuildFile; fileRef = 88211A4E2F6296780073396D /* APIConstants.swift */; };
		88211A7F2F6296780073396D /* NetworkService.swift in Sources */ = {isa = PBXBuildFile; fileRef = 88211A602F6296780073396D /* NetworkService.swift */; };
		88211A802F6296780073396D /* HTTPMethod.swift in Sources */ = {isa = PBXBuildFile; fileRef = 88211A572F6296780073396D /* HTTPMethod.swift */; };
		88211A812F6296780073396D /* EndPoint.swift in Sources */ = {isa = PBXBuildFile; fileRef = 88211A562F6296780073396D /* EndPoint.swift */; };
		88211A832F6296780073396D /* KeyValueStoreProtocol.swift in Sources */ = {isa = PBXBuildFile; fileRef = 88211A6B2F6296780073396D /* KeyValueStoreProtocol.swift */; };
		88211A8A2F6296780073396D /* HTTPTask.swift in Sources */ = {isa = PBXBuildFile; fileRef = 88211A582F6296780073396D /* HTTPTask.swift */; };
		88211A8D2F6296780073396D /* HTTPClient.swift in Sources */ = {isa = PBXBuildFile; fileRef = 88211A5E2F6296780073396D /* HTTPClient.swift */; };
		88211A8E2F6296780073396D /* NetworkError.swift in Sources */ = {isa = PBXBuildFile; fileRef = 88211A5C2F6296780073396D /* NetworkError.swift */; };
		88211A912F6296780073396D /* KeychainStoreFactory.swift in Sources */ = {isa = PBXBuildFile; fileRef = 88211A692F6296780073396D /* KeychainStoreFactory.swift */; };
		88211A922F6296780073396D /* NetworkLogger.swift in Sources */ = {isa = PBXBuildFile; fileRef = 88211A5F2F6296780073396D /* NetworkLogger.swift */; };
		88211A962F6296780073396D /* AuthorizationRequirement.swift in Sources */ = {isa = PBXBuildFile; fileRef = 88211A552F6296780073396D /* AuthorizationRequirement.swift */; };
		88211A972F6296780073396D /* TokenStorageProtocol.swift in Sources */ = {isa = PBXBuildFile; fileRef = 88211A652F6296780073396D /* TokenStorageProtocol.swift */; };
		88211A982F6296780073396D /* URLRequestBuilder.swift in Sources */ = {isa = PBXBuildFile; fileRef = 88211A5A2F6296780073396D /* URLRequestBuilder.swift */; };
		88211A9B2F6296780073396D /* AuthorizationProvider.swift in Sources */ = {isa = PBXBuildFile; fileRef = 88211A532F6296780073396D /* AuthorizationProvider.swift */; };
		88211A9C2F6296780073396D /* HTTPHeaderValue.swift in Sources */ = {isa = PBXBuildFile; fileRef = 88211A502F6296780073396D /* HTTPHeaderValue.swift */; };
		88211A9E2F6296780073396D /* QueryItem.swift in Sources */ = {isa = PBXBuildFile; fileRef = 88211A592F6296780073396D /* QueryItem.swift */; };
		88211A9F2F6296780073396D /* DIInject.swift in Sources */ = {isa = PBXBuildFile; fileRef = 88211A112F6296780073396D /* DIInject.swift */; };
		88211AA52F6296780073396D /* HTTPHeader.swift in Sources */ = {isa = PBXBuildFile; fileRef = 88211A4F2F6296780073396D /* HTTPHeader.swift */; };
		88211AA72F6296780073396D /* AppDependency.swift in Sources */ = {isa = PBXBuildFile; fileRef = 88211A102F6296780073396D /* AppDependency.swift */; };
		88211AAB2F6296780073396D /* KeychainStore.swift in Sources */ = {isa = PBXBuildFile; fileRef = 88211A682F6296780073396D /* KeychainStore.swift */; };
		88211AAC2F6296780073396D /* NetworkTransport.swift in Sources */ = {isa = PBXBuildFile; fileRef = 88211A622F6296780073396D /* NetworkTransport.swift */; };
		88211AAE2F6296780073396D /* NetworkServiceProtocol.swift in Sources */ = {isa = PBXBuildFile; fileRef = 88211A612F6296780073396D /* NetworkServiceProtocol.swift */; };
/* End PBXBuildFile section */

/* Begin PBXContainerItemProxy section */
		882119B82F60AD920073396D /* PBXContainerItemProxy */ = {
			isa = PBXContainerItemProxy;
			containerPortal = 882119992F60AD900073396D /* Project object */;
			proxyType = 1;
			remoteGlobalIDString = 882119A02F60AD900073396D;
			remoteInfo = Pottery;
		};
		882119C22F60AD920073396D /* PBXContainerItemProxy */ = {
			isa = PBXContainerItemProxy;
			containerPortal = 882119992F60AD900073396D /* Project object */;
			proxyType = 1;
			remoteGlobalIDString = 882119A02F60AD900073396D;
			remoteInfo = Pottery;
		};
/* End PBXContainerItemProxy section */

/* Begin PBXFileReference section */
		882119A12F60AD900073396D /* Pottery.app */ = {isa = PBXFileReference; explicitFileType = wrapper.application; includeInIndex = 0; path = Pottery.app; sourceTree = BUILT_PRODUCTS_DIR; };
		882119B72F60AD920073396D /* PotteryTests.xctest */ = {isa = PBXFileReference; explicitFileType = wrapper.cfbundle; includeInIndex = 0; path = PotteryTests.xctest; sourceTree = BUILT_PRODUCTS_DIR; };
		882119C12F60AD920073396D /* PotteryUITests.xctest */ = {isa = PBXFileReference; explicitFileType = wrapper.cfbundle; includeInIndex = 0; path = PotteryUITests.xctest; sourceTree = BUILT_PRODUCTS_DIR; };
		882119F02F6296610073396D /* ConfigurableCoordinator.swift */ = {isa = PBXFileReference; lastKnownFileType = sourcecode.swift; path = ConfigurableCoordinator.swift; sourceTree = "<group>"; };
		882119F12F6296610073396D /* Coordinator.swift */ = {isa = PBXFileReference; lastKnownFileType = sourcecode.swift; path = Coordinator.swift; sourceTree = "<group>"; };
		882119F22F6296610073396D /* NavigationController.swift */ = {isa = PBXFileReference; lastKnownFileType = sourcecode.swift; path = NavigationController.swift; sourceTree = "<group>"; };
		882119F32F6296610073396D /* NavigationPopObserver.swift */ = {isa = PBXFileReference; lastKnownFileType = sourcecode.swift; path = NavigationPopObserver.swift; sourceTree = "<group>"; };
		882119F62F6296610073396D /* AppDelegate.swift */ = {isa = PBXFileReference; lastKnownFileType = sourcecode.swift; path = AppDelegate.swift; sourceTree = "<group>"; };
		882119F72F6296610073396D /* Assets.xcassets */ = {isa = PBXFileReference; lastKnownFileType = folder.assetcatalog; path = Assets.xcassets; sourceTree = "<group>"; };
		882119F82F6296610073396D /* Info.plist */ = {isa = PBXFileReference; lastKnownFileType = text.plist.xml; path = Info.plist; sourceTree = "<group>"; };
		882119F92F6296610073396D /* Base */ = {isa = PBXFileReference; lastKnownFileType = file.storyboard; name = Base; path = Base.lproj/LaunchScreen.storyboard; sourceTree = "<group>"; };
		882119FB2F6296610073396D /* SceneDelegate.swift */ = {isa = PBXFileReference; lastKnownFileType = sourcecode.swift; path = SceneDelegate.swift; sourceTree = "<group>"; };
		882119FC2F6296610073396D /* ViewController.swift */ = {isa = PBXFileReference; lastKnownFileType = sourcecode.swift; path = ViewController.swift; sourceTree = "<group>"; };
		88211A082F6296650073396D /* PotteryTests.swift */ = {isa = PBXFileReference; lastKnownFileType = sourcecode.swift; path = PotteryTests.swift; sourceTree = "<group>"; };
		88211A0B2F6296670073396D /* PotteryUITests.swift */ = {isa = PBXFileReference; lastKnownFileType = sourcecode.swift; path = PotteryUITests.swift; sourceTree = "<group>"; };
		88211A0C2F6296670073396D /* PotteryUITestsLaunchTests.swift */ = {isa = PBXFileReference; lastKnownFileType = sourcecode.swift; path = PotteryUITestsLaunchTests.swift; sourceTree = "<group>"; };
		88211A102F6296780073396D /* AppDependency.swift */ = {isa = PBXFileReference; lastKnownFileType = sourcecode.swift; path = AppDependency.swift; sourceTree = "<group>"; };
		88211A112F6296780073396D /* DIInject.swift */ = {isa = PBXFileReference; lastKnownFileType = sourcecode.swift; path = DIInject.swift; sourceTree = "<group>"; };
		88211A4E2F6296780073396D /* APIConstants.swift */ = {isa = PBXFileReference; lastKnownFileType = sourcecode.swift; path = APIConstants.swift; sourceTree = "<group>"; };
		88211A4F2F6296780073396D /* HTTPHeader.swift */ = {isa = PBXFileReference; lastKnownFileType = sourcecode.swift; path = HTTPHeader.swift; sourceTree = "<group>"; };
		88211A502F6296780073396D /* HTTPHeaderValue.swift */ = {isa = PBXFileReference; lastKnownFileType = sourcecode.swift; path = HTTPHeaderValue.swift; sourceTree = "<group>"; };
		88211A512F6296780073396D /* HTTPStatusCode.swift */ = {isa = PBXFileReference; lastKnownFileType = sourcecode.swift; path = HTTPStatusCode.swift; sourceTree = "<group>"; };
		88211A532F6296780073396D /* AuthorizationProvider.swift */ = {isa = PBXFileReference; lastKnownFileType = sourcecode.swift; path = AuthorizationProvider.swift; sourceTree = "<group>"; };
		88211A542F6296780073396D /* AuthorizationProvidingProtocol.swift */ = {isa = PBXFileReference; lastKnownFileType = sourcecode.swift; path = AuthorizationProvidingProtocol.swift; sourceTree = "<group>"; };
		88211A552F6296780073396D /* AuthorizationRequirement.swift */ = {isa = PBXFileReference; lastKnownFileType = sourcecode.swift; path = AuthorizationRequirement.swift; sourceTree = "<group>"; };
		88211A562F6296780073396D /* EndPoint.swift */ = {isa = PBXFileReference; lastKnownFileType = sourcecode.swift; path = EndPoint.swift; sourceTree = "<group>"; };
		88211A572F6296780073396D /* HTTPMethod.swift */ = {isa = PBXFileReference; lastKnownFileType = sourcecode.swift; path = HTTPMethod.swift; sourceTree = "<group>"; };
		88211A582F6296780073396D /* HTTPTask.swift */ = {isa = PBXFileReference; lastKnownFileType = sourcecode.swift; path = HTTPTask.swift; sourceTree = "<group>"; };
		88211A592F6296780073396D /* QueryItem.swift */ = {isa = PBXFileReference; lastKnownFileType = sourcecode.swift; path = QueryItem.swift; sourceTree = "<group>"; };
		88211A5A2F6296780073396D /* URLRequestBuilder.swift */ = {isa = PBXFileReference; lastKnownFileType = sourcecode.swift; path = URLRequestBuilder.swift; sourceTree = "<group>"; };
		88211A5C2F6296780073396D /* NetworkError.swift */ = {isa = PBXFileReference; lastKnownFileType = sourcecode.swift; path = NetworkError.swift; sourceTree = "<group>"; };
		88211A5E2F6296780073396D /* HTTPClient.swift */ = {isa = PBXFileReference; lastKnownFileType = sourcecode.swift; path = HTTPClient.swift; sourceTree = "<group>"; };
		88211A5F2F6296780073396D /* NetworkLogger.swift */ = {isa = PBXFileReference; lastKnownFileType = sourcecode.swift; path = NetworkLogger.swift; sourceTree = "<group>"; };
		88211A602F6296780073396D /* NetworkService.swift */ = {isa = PBXFileReference; lastKnownFileType = sourcecode.swift; path = NetworkService.swift; sourceTree = "<group>"; };
		88211A612F6296780073396D /* NetworkServiceProtocol.swift */ = {isa = PBXFileReference; lastKnownFileType = sourcecode.swift; path = NetworkServiceProtocol.swift; sourceTree = "<group>"; };
		88211A622F6296780073396D /* NetworkTransport.swift */ = {isa = PBXFileReference; lastKnownFileType = sourcecode.swift; path = NetworkTransport.swift; sourceTree = "<group>"; };
		88211A652F6296780073396D /* TokenStorageProtocol.swift */ = {isa = PBXFileReference; lastKnownFileType = sourcecode.swift; path = TokenStorageProtocol.swift; sourceTree = "<group>"; };
		88211A672F6296780073396D /* KeychainConstants.swift */ = {isa = PBXFileReference; lastKnownFileType = sourcecode.swift; path = KeychainConstants.swift; sourceTree = "<group>"; };
		88211A682F6296780073396D /* KeychainStore.swift */ = {isa = PBXFileReference; lastKnownFileType = sourcecode.swift; path = KeychainStore.swift; sourceTree = "<group>"; };
		88211A692F6296780073396D /* KeychainStoreFactory.swift */ = {isa = PBXFileReference; lastKnownFileType = sourcecode.swift; path = KeychainStoreFactory.swift; sourceTree = "<group>"; };
		88211A6A2F6296780073396D /* KeychainTokenStorage.swift */ = {isa = PBXFileReference; lastKnownFileType = sourcecode.swift; path = KeychainTokenStorage.swift; sourceTree = "<group>"; };
		88211A6B2F6296780073396D /* KeyValueStoreProtocol.swift */ = {isa = PBXFileReference; lastKnownFileType = sourcecode.swift; path = KeyValueStoreProtocol.swift; sourceTree = "<group>"; };
/* End PBXFileReference section */

/* Begin PBXFrameworksBuildPhase section */
		8821199E2F60AD900073396D /* Frameworks */ = {
			isa = PBXFrameworksBuildPhase;
			buildActionMask = 2147483647;
			files = (
			);
			runOnlyForDeploymentPostprocessing = 0;
		};
		882119B42F60AD920073396D /* Frameworks */ = {
			isa = PBXFrameworksBuildPhase;
			buildActionMask = 2147483647;
			files = (
			);
			runOnlyForDeploymentPostprocessing = 0;
		};
		882119BE2F60AD920073396D /* Frameworks */ = {
			isa = PBXFrameworksBuildPhase;
			buildActionMask = 2147483647;
			files = (
			);
			runOnlyForDeploymentPostprocessing = 0;
		};
/* End PBXFrameworksBuildPhase section */

/* Begin PBXGroup section */
		882119982F60AD900073396D = {
			isa = PBXGroup;
			children = (
				882119FD2F6296610073396D /* Pottery */,
				88211A092F6296650073396D /* PotteryTests */,
				88211A0D2F6296670073396D /* PotteryUITests */,
				882119A22F60AD900073396D /* Products */,
			);
			sourceTree = "<group>";
		};
		882119A22F60AD900073396D /* Products */ = {
			isa = PBXGroup;
			children = (
				882119A12F60AD900073396D /* Pottery.app */,
				882119B72F60AD920073396D /* PotteryTests.xctest */,
				882119C12F60AD920073396D /* PotteryUITests.xctest */,
			);
			name = Products;
			sourceTree = "<group>";
		};
		882119F42F6296610073396D /* Coordinator */ = {
			isa = PBXGroup;
			children = (
				882119F02F6296610073396D /* ConfigurableCoordinator.swift */,
				882119F12F6296610073396D /* Coordinator.swift */,
				882119F22F6296610073396D /* NavigationController.swift */,
				882119F32F6296610073396D /* NavigationPopObserver.swift */,
			);
			path = Coordinator;
			sourceTree = "<group>";
		};
		882119F52F6296610073396D /* Base */ = {
			isa = PBXGroup;
			children = (
				882119F42F6296610073396D /* Coordinator */,
			);
			path = Base;
			sourceTree = "<group>";
		};
		882119FD2F6296610073396D /* Pottery */ = {
			isa = PBXGroup;
			children = (
				88211AB02F6296970073396D /* Resources */,
				88211AAF2F62967C0073396D /* Application */,
				88211A6E2F6296780073396D /* Services */,
				882119F52F6296610073396D /* Base */,
				882119F82F6296610073396D /* Info.plist */,
				882119FC2F6296610073396D /* ViewController.swift */,
			);
			path = Pottery;
			sourceTree = "<group>";
		};
		88211A092F6296650073396D /* PotteryTests */ = {
			isa = PBXGroup;
			children = (
				88211A082F6296650073396D /* PotteryTests.swift */,
			);
			path = PotteryTests;
			sourceTree = "<group>";
		};
		88211A0D2F6296670073396D /* PotteryUITests */ = {
			isa = PBXGroup;
			children = (
				88211A0B2F6296670073396D /* PotteryUITests.swift */,
				88211A0C2F6296670073396D /* PotteryUITestsLaunchTests.swift */,
			);
			path = PotteryUITests;
			sourceTree = "<group>";
		};
		88211A122F6296780073396D /* DI */ = {
			isa = PBXGroup;
			children = (
				88211A102F6296780073396D /* AppDependency.swift */,
				88211A112F6296780073396D /* DIInject.swift */,
			);
			path = DI;
			sourceTree = "<group>";
		};
		88211A4D2F6296780073396D /* Network */ = {
			isa = PBXGroup;
			children = (
			);
			path = Network;
			sourceTree = "<group>";
		};
		88211A522F6296780073396D /* Constants */ = {
			isa = PBXGroup;
			children = (
				88211A4E2F6296780073396D /* APIConstants.swift */,
				88211A4F2F6296780073396D /* HTTPHeader.swift */,
				88211A502F6296780073396D /* HTTPHeaderValue.swift */,
				88211A512F6296780073396D /* HTTPStatusCode.swift */,
			);
			path = Constants;
			sourceTree = "<group>";
		};
		88211A5B2F6296780073396D /* EndPoint */ = {
			isa = PBXGroup;
			children = (
				88211A532F6296780073396D /* AuthorizationProvider.swift */,
				88211A542F6296780073396D /* AuthorizationProvidingProtocol.swift */,
				88211A552F6296780073396D /* AuthorizationRequirement.swift */,
				88211A562F6296780073396D /* EndPoint.swift */,
				88211A572F6296780073396D /* HTTPMethod.swift */,
				88211A582F6296780073396D /* HTTPTask.swift */,
				88211A592F6296780073396D /* QueryItem.swift */,
				88211A5A2F6296780073396D /* URLRequestBuilder.swift */,
			);
			path = EndPoint;
			sourceTree = "<group>";
		};
		88211A5D2F6296780073396D /* Error */ = {
			isa = PBXGroup;
			children = (
				88211A5C2F6296780073396D /* NetworkError.swift */,
			);
			path = Error;
			sourceTree = "<group>";
		};
		88211A632F6296780073396D /* Network */ = {
			isa = PBXGroup;
			children = (
				88211A5E2F6296780073396D /* HTTPClient.swift */,
				88211A5F2F6296780073396D /* NetworkLogger.swift */,
				88211A602F6296780073396D /* NetworkService.swift */,
				88211A612F6296780073396D /* NetworkServiceProtocol.swift */,
				88211A622F6296780073396D /* NetworkTransport.swift */,
			);
			path = Network;
			sourceTree = "<group>";
		};
		88211A642F6296780073396D /* NetworkCore */ = {
			isa = PBXGroup;
			children = (
				88211A522F6296780073396D /* Constants */,
				88211A5B2F6296780073396D /* EndPoint */,
				88211A5D2F6296780073396D /* Error */,
				88211A632F6296780073396D /* Network */,
			);
			path = NetworkCore;
			sourceTree = "<group>";
		};
		88211A662F6296780073396D /* Auth */ = {
			isa = PBXGroup;
			children = (
				88211A652F6296780073396D /* TokenStorageProtocol.swift */,
			);
			path = Auth;
			sourceTree = "<group>";
		};
		88211A6C2F6296780073396D /* Keychain */ = {
			isa = PBXGroup;
			children = (
				88211A672F6296780073396D /* KeychainConstants.swift */,
				88211A682F6296780073396D /* KeychainStore.swift */,
				88211A692F6296780073396D /* KeychainStoreFactory.swift */,
				88211A6A2F6296780073396D /* KeychainTokenStorage.swift */,
				88211A6B2F6296780073396D /* KeyValueStoreProtocol.swift */,
			);
			path = Keychain;
			sourceTree = "<group>";
		};
		88211A6D2F6296780073396D /* Storage */ = {
			isa = PBXGroup;
			children = (
				88211A662F6296780073396D /* Auth */,
				88211A6C2F6296780073396D /* Keychain */,
			);
			path = Storage;
			sourceTree = "<group>";
		};
		88211A6E2F6296780073396D /* Services */ = {
			isa = PBXGroup;
			children = (
				88211A122F6296780073396D /* DI */,
				88211A4D2F6296780073396D /* Network */,
				88211A642F6296780073396D /* NetworkCore */,
				88211A6D2F6296780073396D /* Storage */,
			);
			path = Services;
			sourceTree = "<group>";
		};
		88211AAF2F62967C0073396D /* Application */ = {
			isa = PBXGroup;
			children = (
				882119F62F6296610073396D /* AppDelegate.swift */,
				882119FA2F6296610073396D /* LaunchScreen.storyboard */,
				882119FB2F6296610073396D /* SceneDelegate.swift */,
			);
			path = Application;
			sourceTree = "<group>";
		};
		88211AB02F6296970073396D /* Resources */ = {
			isa = PBXGroup;
			children = (
				882119F72F6296610073396D /* Assets.xcassets */,
			);
			path = Resources;
			sourceTree = "<group>";
		};
/* End PBXGroup section */

/* Begin PBXNativeTarget section */
		882119A02F60AD900073396D /* Pottery */ = {
			isa = PBXNativeTarget;
			buildConfigurationList = 882119CA2F60AD920073396D /* Build configuration list for PBXNativeTarget "Pottery" */;
			buildPhases = (
				8821199D2F60AD900073396D /* Sources */,
				8821199E2F60AD900073396D /* Frameworks */,
				8821199F2F60AD900073396D /* Resources */,
			);
			buildRules = (
			);
			dependencies = (
			);
			name = Pottery;
			packageProductDependencies = (
			);
			productName = Pottery;
			productReference = 882119A12F60AD900073396D /* Pottery.app */;
			productType = "com.apple.product-type.application";
		};
		882119B62F60AD920073396D /* PotteryTests */ = {
			isa = PBXNativeTarget;
			buildConfigurationList = 882119CF2F60AD920073396D /* Build configuration list for PBXNativeTarget "PotteryTests" */;
			buildPhases = (
				882119B32F60AD920073396D /* Sources */,
				882119B42F60AD920073396D /* Frameworks */,
				882119B52F60AD920073396D /* Resources */,
			);
			buildRules = (
			);
			dependencies = (
				882119B92F60AD920073396D /* PBXTargetDependency */,
			);
			name = PotteryTests;
			packageProductDependencies = (
			);
			productName = PotteryTests;
			productReference = 882119B72F60AD920073396D /* PotteryTests.xctest */;
			productType = "com.apple.product-type.bundle.unit-test";
		};
		882119C02F60AD920073396D /* PotteryUITests */ = {
			isa = PBXNativeTarget;
			buildConfigurationList = 882119D22F60AD920073396D /* Build configuration list for PBXNativeTarget "PotteryUITests" */;
			buildPhases = (
				882119BD2F60AD920073396D /* Sources */,
				882119BE2F60AD920073396D /* Frameworks */,
				882119BF2F60AD920073396D /* Resources */,
			);
			buildRules = (
			);
			dependencies = (
				882119C32F60AD920073396D /* PBXTargetDependency */,
			);
			name = PotteryUITests;
			packageProductDependencies = (
			);
			productName = PotteryUITests;
			productReference = 882119C12F60AD920073396D /* PotteryUITests.xctest */;
			productType = "com.apple.product-type.bundle.ui-testing";
		};
/* End PBXNativeTarget section */

/* Begin PBXProject section */
		882119992F60AD900073396D /* Project object */ = {
			isa = PBXProject;
			attributes = {
				BuildIndependentTargetsInParallel = 1;
				LastSwiftUpdateCheck = 2630;
				LastUpgradeCheck = 2630;
				TargetAttributes = {
					882119A02F60AD900073396D = {
						CreatedOnToolsVersion = 26.3;
					};
					882119B62F60AD920073396D = {
						CreatedOnToolsVersion = 26.3;
						TestTargetID = 882119A02F60AD900073396D;
					};
					882119C02F60AD920073396D = {
						CreatedOnToolsVersion = 26.3;
						TestTargetID = 882119A02F60AD900073396D;
					};
				};
			};
			buildConfigurationList = 8821199C2F60AD900073396D /* Build configuration list for PBXProject "Pottery" */;
			developmentRegion = en;
			hasScannedForEncodings = 0;
			knownRegions = (
				en,
				Base,
			);
			mainGroup = 882119982F60AD900073396D;
			minimizedProjectReferenceProxies = 1;
			preferredProjectObjectVersion = 77;
			productRefGroup = 882119A22F60AD900073396D /* Products */;
			projectDirPath = "";
			projectRoot = "";
			targets = (
				882119A02F60AD900073396D /* Pottery */,
				882119B62F60AD920073396D /* PotteryTests */,
				882119C02F60AD920073396D /* PotteryUITests */,
			);
		};
/* End PBXProject section */

/* Begin PBXResourcesBuildPhase section */
		8821199F2F60AD900073396D /* Resources */ = {
			isa = PBXResourcesBuildPhase;
			buildActionMask = 2147483647;
			files = (
				882119FE2F6296610073396D /* Assets.xcassets in Resources */,
				88211A002F6296610073396D /* LaunchScreen.storyboard in Resources */,
			);
			runOnlyForDeploymentPostprocessing = 0;
		};
		882119B52F60AD920073396D /* Resources */ = {
			isa = PBXResourcesBuildPhase;
			buildActionMask = 2147483647;
			files = (
			);
			runOnlyForDeploymentPostprocessing = 0;
		};
		882119BF2F60AD920073396D /* Resources */ = {
			isa = PBXResourcesBuildPhase;
			buildActionMask = 2147483647;
			files = (
			);
			runOnlyForDeploymentPostprocessing = 0;
		};
/* End PBXResourcesBuildPhase section */

/* Begin PBXSourcesBuildPhase section */
		8821199D2F60AD900073396D /* Sources */ = {
			isa = PBXSourcesBuildPhase;
			buildActionMask = 2147483647;
			files = (
				88211A012F6296610073396D /* ConfigurableCoordinator.swift in Sources */,
				88211A022F6296610073396D /* Coordinator.swift in Sources */,
				88211A032F6296610073396D /* NavigationController.swift in Sources */,
				88211A042F6296610073396D /* NavigationPopObserver.swift in Sources */,
				88211A052F6296610073396D /* AppDelegate.swift in Sources */,
				88211A062F6296610073396D /* SceneDelegate.swift in Sources */,
				88211A072F6296610073396D /* ViewController.swift in Sources */,
				88211A6F2F6296780073396D /* KeychainConstants.swift in Sources */,
				88211A702F6296780073396D /* AuthorizationProvidingProtocol.swift in Sources */,
				88211A712F6296780073396D /* KeychainTokenStorage.swift in Sources */,
				88211A752F6296780073396D /* HTTPStatusCode.swift in Sources */,
				88211A7D2F6296780073396D /* APIConstants.swift in Sources */,
				88211A7F2F6296780073396D /* NetworkService.swift in Sources */,
				88211A802F6296780073396D /* HTTPMethod.swift in Sources */,
				88211A812F6296780073396D /* EndPoint.swift in Sources */,
				88211A832F6296780073396D /* KeyValueStoreProtocol.swift in Sources */,
				88211A8A2F6296780073396D /* HTTPTask.swift in Sources */,
				88211A8D2F6296780073396D /* HTTPClient.swift in Sources */,
				88211A8E2F6296780073396D /* NetworkError.swift in Sources */,
				88211A912F6296780073396D /* KeychainStoreFactory.swift in Sources */,
				88211A922F6296780073396D /* NetworkLogger.swift in Sources */,
				88211A962F6296780073396D /* AuthorizationRequirement.swift in Sources */,
				88211A972F6296780073396D /* TokenStorageProtocol.swift in Sources */,
				88211A982F6296780073396D /* URLRequestBuilder.swift in Sources */,
				88211A9B2F6296780073396D /* AuthorizationProvider.swift in Sources */,
				88211A9C2F6296780073396D /* HTTPHeaderValue.swift in Sources */,
				88211A9E2F6296780073396D /* QueryItem.swift in Sources */,
				88211A9F2F6296780073396D /* DIInject.swift in Sources */,
				88211AA52F6296780073396D /* HTTPHeader.swift in Sources */,
				88211AA72F6296780073396D /* AppDependency.swift in Sources */,
				88211AAB2F6296780073396D /* KeychainStore.swift in Sources */,
				88211AAC2F6296780073396D /* NetworkTransport.swift in Sources */,
				88211AAE2F6296780073396D /* NetworkServiceProtocol.swift in Sources */,
			);
			runOnlyForDeploymentPostprocessing = 0;
		};
		882119B32F60AD920073396D /* Sources */ = {
			isa = PBXSourcesBuildPhase;
			buildActionMask = 2147483647;
			files = (
				88211A0A2F6296650073396D /* PotteryTests.swift in Sources */,
			);
			runOnlyForDeploymentPostprocessing = 0;
		};
		882119BD2F60AD920073396D /* Sources */ = {
			isa = PBXSourcesBuildPhase;
			buildActionMask = 2147483647;
			files = (
				88211A0E2F6296670073396D /* PotteryUITests.swift in Sources */,
				88211A0F2F6296670073396D /* PotteryUITestsLaunchTests.swift in Sources */,
			);
			runOnlyForDeploymentPostprocessing = 0;
		};
/* End PBXSourcesBuildPhase section */

/* Begin PBXTargetDependency section */
		882119B92F60AD920073396D /* PBXTargetDependency */ = {
			isa = PBXTargetDependency;
			target = 882119A02F60AD900073396D /* Pottery */;
			targetProxy = 882119B82F60AD920073396D /* PBXContainerItemProxy */;
		};
		882119C32F60AD920073396D /* PBXTargetDependency */ = {
			isa = PBXTargetDependency;
			target = 882119A02F60AD900073396D /* Pottery */;
			targetProxy = 882119C22F60AD920073396D /* PBXContainerItemProxy */;
		};
/* End PBXTargetDependency section */

/* Begin PBXVariantGroup section */
		882119FA2F6296610073396D /* LaunchScreen.storyboard */ = {
			isa = PBXVariantGroup;
			children = (
				882119F92F6296610073396D /* Base */,
			);
			name = LaunchScreen.storyboard;
			sourceTree = "<group>";
		};
/* End PBXVariantGroup section */

/* Begin XCBuildConfiguration section */
		882119CB2F60AD920073396D /* Debug */ = {
			isa = XCBuildConfiguration;
			buildSettings = {
				ASSETCATALOG_COMPILER_APPICON_NAME = AppIcon;
				ASSETCATALOG_COMPILER_GLOBAL_ACCENT_COLOR_NAME = AccentColor;
				CODE_SIGN_STYLE = Automatic;
				CURRENT_PROJECT_VERSION = 1;
				GENERATE_INFOPLIST_FILE = YES;
				INFOPLIST_FILE = Pottery/Info.plist;
				INFOPLIST_KEY_UIApplicationSupportsIndirectInputEvents = YES;
				INFOPLIST_KEY_UILaunchStoryboardName = LaunchScreen;
				INFOPLIST_KEY_UISupportedInterfaceOrientations_iPad = "UIInterfaceOrientationPortrait UIInterfaceOrientationPortraitUpsideDown UIInterfaceOrientationLandscapeLeft UIInterfaceOrientationLandscapeRight";
				INFOPLIST_KEY_UISupportedInterfaceOrientations_iPhone = "UIInterfaceOrientationPortrait UIInterfaceOrientationLandscapeLeft UIInterfaceOrientationLandscapeRight";
				LD_RUNPATH_SEARCH_PATHS = (
					"$(inherited)",
					"@executable_path/Frameworks",
				);
				MARKETING_VERSION = 1.0;
				PRODUCT_BUNDLE_IDENTIFIER = zayata.Pottery;
				PRODUCT_NAME = "$(TARGET_NAME)";
				STRING_CATALOG_GENERATE_SYMBOLS = YES;
				SWIFT_APPROACHABLE_CONCURRENCY = YES;
				SWIFT_DEFAULT_ACTOR_ISOLATION = MainActor;
				SWIFT_EMIT_LOC_STRINGS = YES;
				SWIFT_UPCOMING_FEATURE_MEMBER_IMPORT_VISIBILITY = YES;
				SWIFT_VERSION = 5.0;
				TARGETED_DEVICE_FAMILY = "1,2";
			};
			name = Debug;
		};
		882119CC2F60AD920073396D /* Release */ = {
			isa = XCBuildConfiguration;
			buildSettings = {
				ASSETCATALOG_COMPILER_APPICON_NAME = AppIcon;
				ASSETCATALOG_COMPILER_GLOBAL_ACCENT_COLOR_NAME = AccentColor;
				CODE_SIGN_STYLE = Automatic;
				CURRENT_PROJECT_VERSION = 1;
				GENERATE_INFOPLIST_FILE = YES;
				INFOPLIST_FILE = Pottery/Info.plist;
				INFOPLIST_KEY_UIApplicationSupportsIndirectInputEvents = YES;
				INFOPLIST_KEY_UILaunchStoryboardName = LaunchScreen;
				INFOPLIST_KEY_UISupportedInterfaceOrientations_iPad = "UIInterfaceOrientationPortrait UIInterfaceOrientationPortraitUpsideDown UIInterfaceOrientationLandscapeLeft UIInterfaceOrientationLandscapeRight";
				INFOPLIST_KEY_UISupportedInterfaceOrientations_iPhone = "UIInterfaceOrientationPortrait UIInterfaceOrientationLandscapeLeft UIInterfaceOrientationLandscapeRight";
				LD_RUNPATH_SEARCH_PATHS = (
					"$(inherited)",
					"@executable_path/Frameworks",
				);
				MARKETING_VERSION = 1.0;
				PRODUCT_BUNDLE_IDENTIFIER = zayata.Pottery;
				PRODUCT_NAME = "$(TARGET_NAME)";
				STRING_CATALOG_GENERATE_SYMBOLS = YES;
				SWIFT_APPROACHABLE_CONCURRENCY = YES;
				SWIFT_DEFAULT_ACTOR_ISOLATION = MainActor;
				SWIFT_EMIT_LOC_STRINGS = YES;
				SWIFT_UPCOMING_FEATURE_MEMBER_IMPORT_VISIBILITY = YES;
				SWIFT_VERSION = 5.0;
				TARGETED_DEVICE_FAMILY = "1,2";
			};
			name = Release;
		};
		882119CD2F60AD920073396D /* Debug */ = {
			isa = XCBuildConfiguration;
			buildSettings = {
				ALWAYS_SEARCH_USER_PATHS = NO;
				ASSETCATALOG_COMPILER_GENERATE_SWIFT_ASSET_SYMBOL_EXTENSIONS = YES;
				CLANG_ANALYZER_NONNULL = YES;
				CLANG_ANALYZER_NUMBER_OBJECT_CONVERSION = YES_AGGRESSIVE;
				CLANG_CXX_LANGUAGE_STANDARD = "gnu++20";
				CLANG_ENABLE_MODULES = YES;
				CLANG_ENABLE_OBJC_ARC = YES;
				CLANG_ENABLE_OBJC_WEAK = YES;
				CLANG_WARN_BLOCK_CAPTURE_AUTORELEASING = YES;
				CLANG_WARN_BOOL_CONVERSION = YES;
				CLANG_WARN_COMMA = YES;
				CLANG_WARN_CONSTANT_CONVERSION = YES;
				CLANG_WARN_DEPRECATED_OBJC_IMPLEMENTATIONS = YES;
				CLANG_WARN_DIRECT_OBJC_ISA_USAGE = YES_ERROR;
				CLANG_WARN_DOCUMENTATION_COMMENTS = YES;
				CLANG_WARN_EMPTY_BODY = YES;
				CLANG_WARN_ENUM_CONVERSION = YES;
				CLANG_WARN_INFINITE_RECURSION = YES;
				CLANG_WARN_INT_CONVERSION = YES;
				CLANG_WARN_NON_LITERAL_NULL_CONVERSION = YES;
				CLANG_WARN_OBJC_IMPLICIT_RETAIN_SELF = YES;
				CLANG_WARN_OBJC_LITERAL_CONVERSION = YES;
				CLANG_WARN_OBJC_ROOT_CLASS = YES_ERROR;
				CLANG_WARN_QUOTED_INCLUDE_IN_FRAMEWORK_HEADER = YES;
				CLANG_WARN_RANGE_LOOP_ANALYSIS = YES;
				CLANG_WARN_STRICT_PROTOTYPES = YES;
				CLANG_WARN_SUSPICIOUS_MOVE = YES;
				CLANG_WARN_UNGUARDED_AVAILABILITY = YES_AGGRESSIVE;
				CLANG_WARN_UNREACHABLE_CODE = YES;
				CLANG_WARN__DUPLICATE_METHOD_MATCH = YES;
				COPY_PHASE_STRIP = NO;
				DEBUG_INFORMATION_FORMAT = dwarf;
				ENABLE_STRICT_OBJC_MSGSEND = YES;
				ENABLE_TESTABILITY = YES;
				ENABLE_USER_SCRIPT_SANDBOXING = YES;
				GCC_C_LANGUAGE_STANDARD = gnu17;
				GCC_DYNAMIC_NO_PIC = NO;
				GCC_NO_COMMON_BLOCKS = YES;
				GCC_OPTIMIZATION_LEVEL = 0;
				GCC_PREPROCESSOR_DEFINITIONS = (
					"DEBUG=1",
					"$(inherited)",
				);
				GCC_WARN_64_TO_32_BIT_CONVERSION = YES;
				GCC_WARN_ABOUT_RETURN_TYPE = YES_ERROR;
				GCC_WARN_UNDECLARED_SELECTOR = YES;
				GCC_WARN_UNINITIALIZED_AUTOS = YES_AGGRESSIVE;
				GCC_WARN_UNUSED_FUNCTION = YES;
				GCC_WARN_UNUSED_VARIABLE = YES;
				IPHONEOS_DEPLOYMENT_TARGET = 26.2;
				LOCALIZATION_PREFERS_STRING_CATALOGS = YES;
				MTL_ENABLE_DEBUG_INFO = INCLUDE_SOURCE;
				MTL_FAST_MATH = YES;
				ONLY_ACTIVE_ARCH = YES;
				SDKROOT = iphoneos;
				SWIFT_ACTIVE_COMPILATION_CONDITIONS = "DEBUG $(inherited)";
				SWIFT_OPTIMIZATION_LEVEL = "-Onone";
			};
			name = Debug;
		};
		882119CE2F60AD920073396D /* Release */ = {
			isa = XCBuildConfiguration;
			buildSettings = {
				ALWAYS_SEARCH_USER_PATHS = NO;
				ASSETCATALOG_COMPILER_GENERATE_SWIFT_ASSET_SYMBOL_EXTENSIONS = YES;
				CLANG_ANALYZER_NONNULL = YES;
				CLANG_ANALYZER_NUMBER_OBJECT_CONVERSION = YES_AGGRESSIVE;
				CLANG_CXX_LANGUAGE_STANDARD = "gnu++20";
				CLANG_ENABLE_MODULES = YES;
				CLANG_ENABLE_OBJC_ARC = YES;
				CLANG_ENABLE_OBJC_WEAK = YES;
				CLANG_WARN_BLOCK_CAPTURE_AUTORELEASING = YES;
				CLANG_WARN_BOOL_CONVERSION = YES;
				CLANG_WARN_COMMA = YES;
				CLANG_WARN_CONSTANT_CONVERSION = YES;
				CLANG_WARN_DEPRECATED_OBJC_IMPLEMENTATIONS = YES;
				CLANG_WARN_DIRECT_OBJC_ISA_USAGE = YES_ERROR;
				CLANG_WARN_DOCUMENTATION_COMMENTS = YES;
				CLANG_WARN_EMPTY_BODY = YES;
				CLANG_WARN_ENUM_CONVERSION = YES;
				CLANG_WARN_INFINITE_RECURSION = YES;
				CLANG_WARN_INT_CONVERSION = YES;
				CLANG_WARN_NON_LITERAL_NULL_CONVERSION = YES;
				CLANG_WARN_OBJC_IMPLICIT_RETAIN_SELF = YES;
				CLANG_WARN_OBJC_LITERAL_CONVERSION = YES;
				CLANG_WARN_OBJC_ROOT_CLASS = YES_ERROR;
				CLANG_WARN_QUOTED_INCLUDE_IN_FRAMEWORK_HEADER = YES;
				CLANG_WARN_RANGE_LOOP_ANALYSIS = YES;
				CLANG_WARN_STRICT_PROTOTYPES = YES;
				CLANG_WARN_SUSPICIOUS_MOVE = YES;
				CLANG_WARN_UNGUARDED_AVAILABILITY = YES_AGGRESSIVE;
				CLANG_WARN_UNREACHABLE_CODE = YES;
				CLANG_WARN__DUPLICATE_METHOD_MATCH = YES;
				COPY_PHASE_STRIP = NO;
				DEBUG_INFORMATION_FORMAT = "dwarf-with-dsym";
				ENABLE_NS_ASSERTIONS = NO;
				ENABLE_STRICT_OBJC_MSGSEND = YES;
				ENABLE_USER_SCRIPT_SANDBOXING = YES;
				GCC_C_LANGUAGE_STANDARD = gnu17;
				GCC_NO_COMMON_BLOCKS = YES;
				GCC_WARN_64_TO_32_BIT_CONVERSION = YES;
				GCC_WARN_ABOUT_RETURN_TYPE = YES_ERROR;
				GCC_WARN_UNDECLARED_SELECTOR = YES;
				GCC_WARN_UNINITIALIZED_AUTOS = YES_AGGRESSIVE;
				GCC_WARN_UNUSED_FUNCTION = YES;
				GCC_WARN_UNUSED_VARIABLE = YES;
				IPHONEOS_DEPLOYMENT_TARGET = 26.2;
				LOCALIZATION_PREFERS_STRING_CATALOGS = YES;
				MTL_ENABLE_DEBUG_INFO = NO;
				MTL_FAST_MATH = YES;
				SDKROOT = iphoneos;
				SWIFT_COMPILATION_MODE = wholemodule;
				VALIDATE_PRODUCT = YES;
			};
			name = Release;
		};
		882119D02F60AD920073396D /* Debug */ = {
			isa = XCBuildConfiguration;
			buildSettings = {
				BUNDLE_LOADER = "$(TEST_HOST)";
				CODE_SIGN_STYLE = Automatic;
				CURRENT_PROJECT_VERSION = 1;
				GENERATE_INFOPLIST_FILE = YES;
				IPHONEOS_DEPLOYMENT_TARGET = 26.2;
				MARKETING_VERSION = 1.0;
				PRODUCT_BUNDLE_IDENTIFIER = zayata.PotteryTests;
				PRODUCT_NAME = "$(TARGET_NAME)";
				STRING_CATALOG_GENERATE_SYMBOLS = NO;
				SWIFT_APPROACHABLE_CONCURRENCY = YES;
				SWIFT_EMIT_LOC_STRINGS = NO;
				SWIFT_UPCOMING_FEATURE_MEMBER_IMPORT_VISIBILITY = YES;
				SWIFT_VERSION = 5.0;
				TARGETED_DEVICE_FAMILY = "1,2";
				TEST_HOST = "$(BUILT_PRODUCTS_DIR)/Pottery.app/$(BUNDLE_EXECUTABLE_FOLDER_PATH)/Pottery";
			};
			name = Debug;
		};
		882119D12F60AD920073396D /* Release */ = {
			isa = XCBuildConfiguration;
			buildSettings = {
				BUNDLE_LOADER = "$(TEST_HOST)";
				CODE_SIGN_STYLE = Automatic;
				CURRENT_PROJECT_VERSION = 1;
				GENERATE_INFOPLIST_FILE = YES;
				IPHONEOS_DEPLOYMENT_TARGET = 26.2;
				MARKETING_VERSION = 1.0;
				PRODUCT_BUNDLE_IDENTIFIER = zayata.PotteryTests;
				PRODUCT_NAME = "$(TARGET_NAME)";
				STRING_CATALOG_GENERATE_SYMBOLS = NO;
				SWIFT_APPROACHABLE_CONCURRENCY = YES;
				SWIFT_EMIT_LOC_STRINGS = NO;
				SWIFT_UPCOMING_FEATURE_MEMBER_IMPORT_VISIBILITY = YES;
				SWIFT_VERSION = 5.0;
				TARGETED_DEVICE_FAMILY = "1,2";
				TEST_HOST = "$(BUILT_PRODUCTS_DIR)/Pottery.app/$(BUNDLE_EXECUTABLE_FOLDER_PATH)/Pottery";
			};
			name = Release;
		};
		882119D32F60AD920073396D /* Debug */ = {
			isa = XCBuildConfiguration;
			buildSettings = {
				CODE_SIGN_STYLE = Automatic;
				CURRENT_PROJECT_VERSION = 1;
				GENERATE_INFOPLIST_FILE = YES;
				MARKETING_VERSION = 1.0;
				PRODUCT_BUNDLE_IDENTIFIER = zayata.PotteryUITests;
				PRODUCT_NAME = "$(TARGET_NAME)";
				STRING_CATALOG_GENERATE_SYMBOLS = NO;
				SWIFT_APPROACHABLE_CONCURRENCY = YES;
				SWIFT_EMIT_LOC_STRINGS = NO;
				SWIFT_UPCOMING_FEATURE_MEMBER_IMPORT_VISIBILITY = YES;
				SWIFT_VERSION = 5.0;
				TARGETED_DEVICE_FAMILY = "1,2";
				TEST_TARGET_NAME = Pottery;
			};
			name = Debug;
		};
		882119D42F60AD920073396D /* Release */ = {
			isa = XCBuildConfiguration;
			buildSettings = {
				CODE_SIGN_STYLE = Automatic;
				CURRENT_PROJECT_VERSION = 1;
				GENERATE_INFOPLIST_FILE = YES;
				MARKETING_VERSION = 1.0;
				PRODUCT_BUNDLE_IDENTIFIER = zayata.PotteryUITests;
				PRODUCT_NAME = "$(TARGET_NAME)";
				STRING_CATALOG_GENERATE_SYMBOLS = NO;
				SWIFT_APPROACHABLE_CONCURRENCY = YES;
				SWIFT_EMIT_LOC_STRINGS = NO;
				SWIFT_UPCOMING_FEATURE_MEMBER_IMPORT_VISIBILITY = YES;
				SWIFT_VERSION = 5.0;
				TARGETED_DEVICE_FAMILY = "1,2";
				TEST_TARGET_NAME = Pottery;
			};
			name = Release;
		};
/* End XCBuildConfiguration section */

/* Begin XCConfigurationList section */
		8821199C2F60AD900073396D /* Build configuration list for PBXProject "Pottery" */ = {
			isa = XCConfigurationList;
			buildConfigurations = (
				882119CD2F60AD920073396D /* Debug */,
				882119CE2F60AD920073396D /* Release */,
			);
			defaultConfigurationIsVisible = 0;
			defaultConfigurationName = Release;
		};
		882119CA2F60AD920073396D /* Build configuration list for PBXNativeTarget "Pottery" */ = {
			isa = XCConfigurationList;
			buildConfigurations = (
				882119CB2F60AD920073396D /* Debug */,
				882119CC2F60AD920073396D /* Release */,
			);
			defaultConfigurationIsVisible = 0;
			defaultConfigurationName = Release;
		};
		882119CF2F60AD920073396D /* Build configuration list for PBXNativeTarget "PotteryTests" */ = {
			isa = XCConfigurationList;
			buildConfigurations = (
				882119D02F60AD920073396D /* Debug */,
				882119D12F60AD920073396D /* Release */,
			);
			defaultConfigurationIsVisible = 0;
			defaultConfigurationName = Release;
		};
		882119D22F60AD920073396D /* Build configuration list for PBXNativeTarget "PotteryUITests" */ = {
			isa = XCConfigurationList;
			buildConfigurations = (
				882119D32F60AD920073396D /* Debug */,
				882119D42F60AD920073396D /* Release */,
			);
			defaultConfigurationIsVisible = 0;
			defaultConfigurationName = Release;
		};
/* End XCConfigurationList section */
	};
	rootObject = 882119992F60AD900073396D /* Project object */;
}
